// !$*UTF8*$!
{
	archiveVersion = 1;
	classes = {
	};
	objectVersion = 50;
	objects = {

/* Begin PBXBuildFile section */
		0282DA16AAF94E73C34B6F33 /* Pods_Stocks_Stox_Unit_Tests.framework in Frameworks */ = {isa = PBXBuildFile; fileRef = 9B40CA780F385728C5703BF2 /* Pods_Stocks_Stox_Unit_Tests.framework */; settings = {ATTRIBUTES = (Weak, ); }; };
		24180CE52095577E00116188 /* StockController.swift in Sources */ = {isa = PBXBuildFile; fileRef = 24180CE42095577E00116188 /* StockController.swift */; };
		24180CE72095591400116188 /* UIColor+customTheme.swift in Sources */ = {isa = PBXBuildFile; fileRef = 24180CE62095591400116188 /* UIColor+customTheme.swift */; };
		24180CEC20955E8F00116188 /* DetailController.swift in Sources */ = {isa = PBXBuildFile; fileRef = 24180CEB20955E8F00116188 /* DetailController.swift */; };
		24180CEE20955E8F00116188 /* DetailController.swift in Sources */ = {isa = PBXBuildFile; fileRef = 24180CEB20955E8F00116188 /* DetailController.swift */; };
		24180CF520957F2600116188 /* StockQuotes.swift in Sources */ = {isa = PBXBuildFile; fileRef = 24180CF420957F2600116188 /* StockQuotes.swift */; };
		24180CF720957F2600116188 /* StockQuotes.swift in Sources */ = {isa = PBXBuildFile; fileRef = 24180CF420957F2600116188 /* StockQuotes.swift */; };
		24180CFF2095826900116188 /* Stox_Unit_Tests.swift in Sources */ = {isa = PBXBuildFile; fileRef = 24180CFE2095826900116188 /* Stox_Unit_Tests.swift */; };
		24180D0B2095903800116188 /* StockCell.swift in Sources */ = {isa = PBXBuildFile; fileRef = 24180D0A2095903800116188 /* StockCell.swift */; };
		24180D0C2095903800116188 /* StockCell.swift in Sources */ = {isa = PBXBuildFile; fileRef = 24180D0A2095903800116188 /* StockCell.swift */; };
		24180D0D2095903800116188 /* StockCell.swift in Sources */ = {isa = PBXBuildFile; fileRef = 24180D0A2095903800116188 /* StockCell.swift */; };
		24180D1A20959FCF00116188 /* StockQuote.swift in Sources */ = {isa = PBXBuildFile; fileRef = 242AEF7520941DA200A45E21 /* StockQuote.swift */; };
		24180D212096153900116188 /* StockQuote.swift in Sources */ = {isa = PBXBuildFile; fileRef = 242AEF7520941DA200A45E21 /* StockQuote.swift */; };
		24180D222096163700116188 /* UIColor+customTheme.swift in Sources */ = {isa = PBXBuildFile; fileRef = 24180CE62095591400116188 /* UIColor+customTheme.swift */; };
		24180D232096163800116188 /* UIColor+customTheme.swift in Sources */ = {isa = PBXBuildFile; fileRef = 24180CE62095591400116188 /* UIColor+customTheme.swift */; };
		24180D2E20963C0300116188 /* Stox.xcdatamodeld in Sources */ = {isa = PBXBuildFile; fileRef = 24180D2C20963C0300116188 /* Stox.xcdatamodeld */; };
		24180D2F20963C0300116188 /* Stox.xcdatamodeld in Sources */ = {isa = PBXBuildFile; fileRef = 24180D2C20963C0300116188 /* Stox.xcdatamodeld */; };
		24180D3020963C0300116188 /* Stox.xcdatamodeld in Sources */ = {isa = PBXBuildFile; fileRef = 24180D2C20963C0300116188 /* Stox.xcdatamodeld */; };
		24180D752096687B00116188 /* appleStockQuote.json in Resources */ = {isa = PBXBuildFile; fileRef = 24180D742096687B00116188 /* appleStockQuote.json */; };
		24180D762096687B00116188 /* appleStockQuote.json in Resources */ = {isa = PBXBuildFile; fileRef = 24180D742096687B00116188 /* appleStockQuote.json */; };
		24180D772096687B00116188 /* appleStockQuote.json in Resources */ = {isa = PBXBuildFile; fileRef = 24180D742096687B00116188 /* appleStockQuote.json */; };
		242AEF7620941DA200A45E21 /* StockQuote.swift in Sources */ = {isa = PBXBuildFile; fileRef = 242AEF7520941DA200A45E21 /* StockQuote.swift */; };
		24D685B02092E33C00A6DB35 /* AppDelegate.swift in Sources */ = {isa = PBXBuildFile; fileRef = 24D685AF2092E33C00A6DB35 /* AppDelegate.swift */; };
		24D685B52092E33C00A6DB35 /* Main.storyboard in Resources */ = {isa = PBXBuildFile; fileRef = 24D685B32092E33C00A6DB35 /* Main.storyboard */; };
		24D685BA2092E34400A6DB35 /* Assets.xcassets in Resources */ = {isa = PBXBuildFile; fileRef = 24D685B92092E34400A6DB35 /* Assets.xcassets */; };
		24D685BD2092E34400A6DB35 /* LaunchScreen.storyboard in Resources */ = {isa = PBXBuildFile; fileRef = 24D685BB2092E34400A6DB35 /* LaunchScreen.storyboard */; };
		24D685D32092E34500A6DB35 /* StoxUITests.swift in Sources */ = {isa = PBXBuildFile; fileRef = 24D685D22092E34500A6DB35 /* StoxUITests.swift */; };
		2CB9ADFF3553BB2DAFAC7973 /* Pods_Stocks_StoxUITests.framework in Frameworks */ = {isa = PBXBuildFile; fileRef = BA7C68BBEF3843EEB79B73A7 /* Pods_Stocks_StoxUITests.framework */; settings = {ATTRIBUTES = (Weak, ); }; };
		67FC1B4DB78840F558B068DD /* Pods_Stocks_Stox.framework in Frameworks */ = {isa = PBXBuildFile; fileRef = A589F9B3921DAAB0FF99AAF6 /* Pods_Stocks_Stox.framework */; settings = {ATTRIBUTES = (Weak, ); }; };
/* End PBXBuildFile section */

/* Begin PBXContainerItemProxy section */
		24180D012095826900116188 /* PBXContainerItemProxy */ = {
			isa = PBXContainerItemProxy;
			containerPortal = 24D685A42092E33C00A6DB35 /* Project object */;
			proxyType = 1;
			remoteGlobalIDString = 24D685AB2092E33C00A6DB35;
			remoteInfo = Stox;
		};
		24D685CF2092E34500A6DB35 /* PBXContainerItemProxy */ = {
			isa = PBXContainerItemProxy;
			containerPortal = 24D685A42092E33C00A6DB35 /* Project object */;
			proxyType = 1;
			remoteGlobalIDString = 24D685AB2092E33C00A6DB35;
			remoteInfo = Stox;
		};
/* End PBXContainerItemProxy section */

/* Begin PBXFileReference section */
		08177682A02FDF400DB66953 /* Pods-Stocks-StoxUITests.release.xcconfig */ = {isa = PBXFileReference; includeInIndex = 1; lastKnownFileType = text.xcconfig; name = "Pods-Stocks-StoxUITests.release.xcconfig"; path = "Pods/Target Support Files/Pods-Stocks-StoxUITests/Pods-Stocks-StoxUITests.release.xcconfig"; sourceTree = "<group>"; };
		24180CE42095577E00116188 /* StockController.swift */ = {isa = PBXFileReference; lastKnownFileType = sourcecode.swift; path = StockController.swift; sourceTree = "<group>"; };
		24180CE62095591400116188 /* UIColor+customTheme.swift */ = {isa = PBXFileReference; lastKnownFileType = sourcecode.swift; path = "UIColor+customTheme.swift"; sourceTree = "<group>"; };
		24180CEB20955E8F00116188 /* DetailController.swift */ = {isa = PBXFileReference; lastKnownFileType = sourcecode.swift; path = DetailController.swift; sourceTree = "<group>"; };
		24180CF420957F2600116188 /* StockQuotes.swift */ = {isa = PBXFileReference; lastKnownFileType = sourcecode.swift; path = StockQuotes.swift; sourceTree = "<group>"; };
		24180CFC2095826900116188 /* Stox_Unit_Tests.xctest */ = {isa = PBXFileReference; explicitFileType = wrapper.cfbundle; includeInIndex = 0; path = Stox_Unit_Tests.xctest; sourceTree = BUILT_PRODUCTS_DIR; };
		24180CFE2095826900116188 /* Stox_Unit_Tests.swift */ = {isa = PBXFileReference; lastKnownFileType = sourcecode.swift; path = Stox_Unit_Tests.swift; sourceTree = "<group>"; };
		24180D002095826900116188 /* Info.plist */ = {isa = PBXFileReference; lastKnownFileType = text.plist.xml; path = Info.plist; sourceTree = "<group>"; };
		24180D0A2095903800116188 /* StockCell.swift */ = {isa = PBXFileReference; lastKnownFileType = sourcecode.swift; path = StockCell.swift; sourceTree = "<group>"; };
		24180D2D20963C0300116188 /* Stox.xcdatamodel */ = {isa = PBXFileReference; lastKnownFileType = wrapper.xcdatamodel; path = Stox.xcdatamodel; sourceTree = "<group>"; };
		24180D742096687B00116188 /* appleStockQuote.json */ = {isa = PBXFileReference; lastKnownFileType = text.json; path = appleStockQuote.json; sourceTree = "<group>"; };
		242AEF7520941DA200A45E21 /* StockQuote.swift */ = {isa = PBXFileReference; lastKnownFileType = sourcecode.swift; path = StockQuote.swift; sourceTree = "<group>"; };
		24D685AC2092E33C00A6DB35 /* Stox.app */ = {isa = PBXFileReference; explicitFileType = wrapper.application; includeInIndex = 0; path = Stox.app; sourceTree = BUILT_PRODUCTS_DIR; };
		24D685AF2092E33C00A6DB35 /* AppDelegate.swift */ = {isa = PBXFileReference; lastKnownFileType = sourcecode.swift; path = AppDelegate.swift; sourceTree = "<group>"; };
		24D685B42092E33C00A6DB35 /* Base */ = {isa = PBXFileReference; lastKnownFileType = file.storyboard; name = Base; path = Base.lproj/Main.storyboard; sourceTree = "<group>"; };
		24D685B92092E34400A6DB35 /* Assets.xcassets */ = {isa = PBXFileReference; lastKnownFileType = folder.assetcatalog; path = Assets.xcassets; sourceTree = "<group>"; };
		24D685BC2092E34400A6DB35 /* Base */ = {isa = PBXFileReference; lastKnownFileType = file.storyboard; name = Base; path = Base.lproj/LaunchScreen.storyboard; sourceTree = "<group>"; };
		24D685BE2092E34500A6DB35 /* Info.plist */ = {isa = PBXFileReference; lastKnownFileType = text.plist.xml; path = Info.plist; sourceTree = "<group>"; };
		24D685CE2092E34500A6DB35 /* StoxUITests.xctest */ = {isa = PBXFileReference; explicitFileType = wrapper.cfbundle; includeInIndex = 0; path = StoxUITests.xctest; sourceTree = BUILT_PRODUCTS_DIR; };
		24D685D22092E34500A6DB35 /* StoxUITests.swift */ = {isa = PBXFileReference; lastKnownFileType = sourcecode.swift; path = StoxUITests.swift; sourceTree = "<group>"; };
		24D685D42092E34500A6DB35 /* Info.plist */ = {isa = PBXFileReference; lastKnownFileType = text.plist.xml; path = Info.plist; sourceTree = "<group>"; };
		35584929042B8F6C91A96FB7 /* Pods-Stocks-StoxUITests.debug.xcconfig */ = {isa = PBXFileReference; includeInIndex = 1; lastKnownFileType = text.xcconfig; name = "Pods-Stocks-StoxUITests.debug.xcconfig"; path = "Pods/Target Support Files/Pods-Stocks-StoxUITests/Pods-Stocks-StoxUITests.debug.xcconfig"; sourceTree = "<group>"; };
		4390C4C1626EC3F7F8548C67 /* Pods-Stocks-Stox.release.xcconfig */ = {isa = PBXFileReference; includeInIndex = 1; lastKnownFileType = text.xcconfig; name = "Pods-Stocks-Stox.release.xcconfig"; path = "Pods/Target Support Files/Pods-Stocks-Stox/Pods-Stocks-Stox.release.xcconfig"; sourceTree = "<group>"; };
		561104E8630462310FBB3D3C /* Pods-Stocks-Stox.debug.xcconfig */ = {isa = PBXFileReference; includeInIndex = 1; lastKnownFileType = text.xcconfig; name = "Pods-Stocks-Stox.debug.xcconfig"; path = "Pods/Target Support Files/Pods-Stocks-Stox/Pods-Stocks-Stox.debug.xcconfig"; sourceTree = "<group>"; };
		77804E2A59AEC9C28C575348 /* Pods-Stocks-Stox_Unit_Tests.debug.xcconfig */ = {isa = PBXFileReference; includeInIndex = 1; lastKnownFileType = text.xcconfig; name = "Pods-Stocks-Stox_Unit_Tests.debug.xcconfig"; path = "Pods/Target Support Files/Pods-Stocks-Stox_Unit_Tests/Pods-Stocks-Stox_Unit_Tests.debug.xcconfig"; sourceTree = "<group>"; };
		9B40CA780F385728C5703BF2 /* Pods_Stocks_Stox_Unit_Tests.framework */ = {isa = PBXFileReference; explicitFileType = wrapper.framework; includeInIndex = 0; path = Pods_Stocks_Stox_Unit_Tests.framework; sourceTree = BUILT_PRODUCTS_DIR; };
		A589F9B3921DAAB0FF99AAF6 /* Pods_Stocks_Stox.framework */ = {isa = PBXFileReference; explicitFileType = wrapper.framework; includeInIndex = 0; path = Pods_Stocks_Stox.framework; sourceTree = BUILT_PRODUCTS_DIR; };
		B5DD03632ED34A1CE12F1B5D /* Pods-Stocks-Stox_Unit_Tests.release.xcconfig */ = {isa = PBXFileReference; includeInIndex = 1; lastKnownFileType = text.xcconfig; name = "Pods-Stocks-Stox_Unit_Tests.release.xcconfig"; path = "Pods/Target Support Files/Pods-Stocks-Stox_Unit_Tests/Pods-Stocks-Stox_Unit_Tests.release.xcconfig"; sourceTree = "<group>"; };
		BA7C68BBEF3843EEB79B73A7 /* Pods_Stocks_StoxUITests.framework */ = {isa = PBXFileReference; explicitFileType = wrapper.framework; includeInIndex = 0; path = Pods_Stocks_StoxUITests.framework; sourceTree = BUILT_PRODUCTS_DIR; };
/* End PBXFileReference section */

/* Begin PBXFrameworksBuildPhase section */
		24180CF92095826900116188 /* Frameworks */ = {
			isa = PBXFrameworksBuildPhase;
			buildActionMask = 2147483647;
			files = (
				0282DA16AAF94E73C34B6F33 /* Pods_Stocks_Stox_Unit_Tests.framework in Frameworks */,
			);
			runOnlyForDeploymentPostprocessing = 0;
		};
		24D685A92092E33C00A6DB35 /* Frameworks */ = {
			isa = PBXFrameworksBuildPhase;
			buildActionMask = 2147483647;
			files = (
				67FC1B4DB78840F558B068DD /* Pods_Stocks_Stox.framework in Frameworks */,
			);
			runOnlyForDeploymentPostprocessing = 0;
		};
		24D685CB2092E34500A6DB35 /* Frameworks */ = {
			isa = PBXFrameworksBuildPhase;
			buildActionMask = 2147483647;
			files = (
				2CB9ADFF3553BB2DAFAC7973 /* Pods_Stocks_StoxUITests.framework in Frameworks */,
			);
			runOnlyForDeploymentPostprocessing = 0;
		};
/* End PBXFrameworksBuildPhase section */

/* Begin PBXGroup section */
		24180CE22094418300116188 /* Model */ = {
			isa = PBXGroup;
			children = (
				242AEF7520941DA200A45E21 /* StockQuote.swift */,
				24180CF420957F2600116188 /* StockQuotes.swift */,
			);
			path = Model;
			sourceTree = "<group>";
		};
		24180CE32095550100116188 /* Utility */ = {
			isa = PBXGroup;
			children = (
				24180CE62095591400116188 /* UIColor+customTheme.swift */,
			);
			path = Utility;
			sourceTree = "<group>";
		};
		24180CF32095703400116188 /* Controller */ = {
			isa = PBXGroup;
			children = (
				24180CE42095577E00116188 /* StockController.swift */,
				24180CEB20955E8F00116188 /* DetailController.swift */,
			);
			path = Controller;
			sourceTree = "<group>";
		};
		24180CFD2095826900116188 /* Stox_Unit_Tests */ = {
			isa = PBXGroup;
			children = (
				24180CFE2095826900116188 /* Stox_Unit_Tests.swift */,
				24180D002095826900116188 /* Info.plist */,
			);
			path = Stox_Unit_Tests;
			sourceTree = "<group>";
		};
		24180D0E209594E300116188 /* View */ = {
			isa = PBXGroup;
			children = (
				24180D0A2095903800116188 /* StockCell.swift */,
			);
			path = View;
			sourceTree = "<group>";
		};
		24180D0F209594F300116188 /* Resources */ = {
			isa = PBXGroup;
			children = (
				24180D2C20963C0300116188 /* Stox.xcdatamodeld */,
				24D685B32092E33C00A6DB35 /* Main.storyboard */,
				24D685BB2092E34400A6DB35 /* LaunchScreen.storyboard */,
				24D685BE2092E34500A6DB35 /* Info.plist */,
			);
			path = Resources;
			sourceTree = "<group>";
		};
		24180D7820966AE400116188 /* NetworkMocks */ = {
			isa = PBXGroup;
			children = (
				24180D742096687B00116188 /* appleStockQuote.json */,
			);
			path = NetworkMocks;
			sourceTree = "<group>";
		};
		24D685A32092E33C00A6DB35 = {
			isa = PBXGroup;
			children = (
				24D685AE2092E33C00A6DB35 /* Stox */,
				24D685D12092E34500A6DB35 /* StoxUITests */,
				24180CFD2095826900116188 /* Stox_Unit_Tests */,
				24D685AD2092E33C00A6DB35 /* Products */,
				3E806CFA9A9B757081CE67AD /* Pods */,
				2D94CB0DFDCF613EB22C5CC7 /* Frameworks */,
			);
			sourceTree = "<group>";
		};
		24D685AD2092E33C00A6DB35 /* Products */ = {
			isa = PBXGroup;
			children = (
				24D685AC2092E33C00A6DB35 /* Stox.app */,
				24D685CE2092E34500A6DB35 /* StoxUITests.xctest */,
				24180CFC2095826900116188 /* Stox_Unit_Tests.xctest */,
			);
			name = Products;
			sourceTree = "<group>";
		};
		24D685AE2092E33C00A6DB35 /* Stox */ = {
			isa = PBXGroup;
			children = (
				24180D7820966AE400116188 /* NetworkMocks */,
				24180D0F209594F300116188 /* Resources */,
				24180D0E209594E300116188 /* View */,
				24180CF32095703400116188 /* Controller */,
				24180CE32095550100116188 /* Utility */,
				24180CE22094418300116188 /* Model */,
				24D685AF2092E33C00A6DB35 /* AppDelegate.swift */,
				24D685B92092E34400A6DB35 /* Assets.xcassets */,
			);
			path = Stox;
			sourceTree = "<group>";
		};
		24D685D12092E34500A6DB35 /* StoxUITests */ = {
			isa = PBXGroup;
			children = (
				24D685D22092E34500A6DB35 /* StoxUITests.swift */,
				24D685D42092E34500A6DB35 /* Info.plist */,
			);
			path = StoxUITests;
			sourceTree = "<group>";
		};
		2D94CB0DFDCF613EB22C5CC7 /* Frameworks */ = {
			isa = PBXGroup;
			children = (
				A589F9B3921DAAB0FF99AAF6 /* Pods_Stocks_Stox.framework */,
				BA7C68BBEF3843EEB79B73A7 /* Pods_Stocks_StoxUITests.framework */,
				9B40CA780F385728C5703BF2 /* Pods_Stocks_Stox_Unit_Tests.framework */,
			);
			name = Frameworks;
			sourceTree = "<group>";
		};
		3E806CFA9A9B757081CE67AD /* Pods */ = {
			isa = PBXGroup;
			children = (
				561104E8630462310FBB3D3C /* Pods-Stocks-Stox.debug.xcconfig */,
				4390C4C1626EC3F7F8548C67 /* Pods-Stocks-Stox.release.xcconfig */,
				35584929042B8F6C91A96FB7 /* Pods-Stocks-StoxUITests.debug.xcconfig */,
				08177682A02FDF400DB66953 /* Pods-Stocks-StoxUITests.release.xcconfig */,
				77804E2A59AEC9C28C575348 /* Pods-Stocks-Stox_Unit_Tests.debug.xcconfig */,
				B5DD03632ED34A1CE12F1B5D /* Pods-Stocks-Stox_Unit_Tests.release.xcconfig */,
			);
			name = Pods;
			sourceTree = "<group>";
		};
/* End PBXGroup section */

/* Begin PBXNativeTarget section */
		24180CFB2095826900116188 /* Stox_Unit_Tests */ = {
			isa = PBXNativeTarget;
			buildConfigurationList = 24180D032095826900116188 /* Build configuration list for PBXNativeTarget "Stox_Unit_Tests" */;
			buildPhases = (
				A736E4F4DD816160E8331459 /* [CP] Check Pods Manifest.lock */,
				24180CF82095826900116188 /* Sources */,
				24180CF92095826900116188 /* Frameworks */,
				24180CFA2095826900116188 /* Resources */,
				1C42782D5810254B0F9BDD12 /* [CP] Embed Pods Frameworks */,
			);
			buildRules = (
			);
			dependencies = (
				24180D022095826900116188 /* PBXTargetDependency */,
			);
			name = Stox_Unit_Tests;
			productName = Stox_Unit_Tests;
			productReference = 24180CFC2095826900116188 /* Stox_Unit_Tests.xctest */;
			productType = "com.apple.product-type.bundle.unit-test";
		};
		24D685AB2092E33C00A6DB35 /* Stox */ = {
			isa = PBXNativeTarget;
			buildConfigurationList = 24D685D72092E34500A6DB35 /* Build configuration list for PBXNativeTarget "Stox" */;
			buildPhases = (
				856992D4B173A7DE997F96C2 /* [CP] Check Pods Manifest.lock */,
				24D685A82092E33C00A6DB35 /* Sources */,
				24D685A92092E33C00A6DB35 /* Frameworks */,
				24D685AA2092E33C00A6DB35 /* Resources */,
				34720ED04FEB4D43651AF9BA /* [CP] Embed Pods Frameworks */,
			);
			buildRules = (
			);
			dependencies = (
			);
			name = Stox;
			productName = Stox;
			productReference = 24D685AC2092E33C00A6DB35 /* Stox.app */;
			productType = "com.apple.product-type.application";
		};
		24D685CD2092E34500A6DB35 /* StoxUITests */ = {
			isa = PBXNativeTarget;
			buildConfigurationList = 24D685DD2092E34500A6DB35 /* Build configuration list for PBXNativeTarget "StoxUITests" */;
			buildPhases = (
				0F30B3FD6C46C8B9150B48C7 /* [CP] Check Pods Manifest.lock */,
				24D685CA2092E34500A6DB35 /* Sources */,
				24D685CB2092E34500A6DB35 /* Frameworks */,
				24D685CC2092E34500A6DB35 /* Resources */,
				050B3C187182F3FA9DD8B436 /* [CP] Embed Pods Frameworks */,
			);
			buildRules = (
			);
			dependencies = (
				24D685D02092E34500A6DB35 /* PBXTargetDependency */,
			);
			name = StoxUITests;
			productName = StoxUITests;
			productReference = 24D685CE2092E34500A6DB35 /* StoxUITests.xctest */;
			productType = "com.apple.product-type.bundle.ui-testing";
		};
/* End PBXNativeTarget section */

/* Begin PBXProject section */
		24D685A42092E33C00A6DB35 /* Project object */ = {
			isa = PBXProject;
			attributes = {
				LastSwiftUpdateCheck = 0930;
				LastUpgradeCheck = 0930;
				ORGANIZATIONNAME = Lithogen;
				TargetAttributes = {
					24180CFB2095826900116188 = {
						CreatedOnToolsVersion = 9.3;
						TestTargetID = 24D685AB2092E33C00A6DB35;
					};
					24D685AB2092E33C00A6DB35 = {
						CreatedOnToolsVersion = 9.3;
					};
					24D685CD2092E34500A6DB35 = {
						CreatedOnToolsVersion = 9.3;
						TestTargetID = 24D685AB2092E33C00A6DB35;
					};
				};
			};
			buildConfigurationList = 24D685A72092E33C00A6DB35 /* Build configuration list for PBXProject "Stox" */;
			compatibilityVersion = "Xcode 9.3";
			developmentRegion = en;
			hasScannedForEncodings = 0;
			knownRegions = (
				en,
				Base,
			);
			mainGroup = 24D685A32092E33C00A6DB35;
			productRefGroup = 24D685AD2092E33C00A6DB35 /* Products */;
			projectDirPath = "";
			projectRoot = "";
			targets = (
				24D685AB2092E33C00A6DB35 /* Stox */,
				24D685CD2092E34500A6DB35 /* StoxUITests */,
				24180CFB2095826900116188 /* Stox_Unit_Tests */,
			);
		};
/* End PBXProject section */

/* Begin PBXResourcesBuildPhase section */
		24180CFA2095826900116188 /* Resources */ = {
			isa = PBXResourcesBuildPhase;
			buildActionMask = 2147483647;
			files = (
				24180D772096687B00116188 /* appleStockQuote.json in Resources */,
			);
			runOnlyForDeploymentPostprocessing = 0;
		};
		24D685AA2092E33C00A6DB35 /* Resources */ = {
			isa = PBXResourcesBuildPhase;
			buildActionMask = 2147483647;
			files = (
				24180D752096687B00116188 /* appleStockQuote.json in Resources */,
				24D685BD2092E34400A6DB35 /* LaunchScreen.storyboard in Resources */,
				24D685BA2092E34400A6DB35 /* Assets.xcassets in Resources */,
				24D685B52092E33C00A6DB35 /* Main.storyboard in Resources */,
			);
			runOnlyForDeploymentPostprocessing = 0;
		};
		24D685CC2092E34500A6DB35 /* Resources */ = {
			isa = PBXResourcesBuildPhase;
			buildActionMask = 2147483647;
			files = (
				24180D762096687B00116188 /* appleStockQuote.json in Resources */,
			);
			runOnlyForDeploymentPostprocessing = 0;
		};
/* End PBXResourcesBuildPhase section */

/* Begin PBXShellScriptBuildPhase section */
		050B3C187182F3FA9DD8B436 /* [CP] Embed Pods Frameworks */ = {
			isa = PBXShellScriptBuildPhase;
			buildActionMask = 2147483647;
			files = (
			);
			inputPaths = (
				"${SRCROOT}/Pods/Target Support Files/Pods-Stocks-StoxUITests/Pods-Stocks-StoxUITests-frameworks.sh",
				"${BUILT_PRODUCTS_DIR}/Alamofire/Alamofire.framework",
				"${BUILT_PRODUCTS_DIR}/Charts/Charts.framework",
				"${BUILT_PRODUCTS_DIR}/Mockingjay/Mockingjay.framework",
				"${BUILT_PRODUCTS_DIR}/PINCache/PINCache.framework",
				"${BUILT_PRODUCTS_DIR}/PINOperation/PINOperation.framework",
				"${BUILT_PRODUCTS_DIR}/PINRemoteImage/PINRemoteImage.framework",
				"${BUILT_PRODUCTS_DIR}/SnapKit/SnapKit.framework",
				"${BUILT_PRODUCTS_DIR}/Texture/AsyncDisplayKit.framework",
				"${BUILT_PRODUCTS_DIR}/URITemplate/URITemplate.framework",
			);
			name = "[CP] Embed Pods Frameworks";
			outputPaths = (
				"${TARGET_BUILD_DIR}/${FRAMEWORKS_FOLDER_PATH}/Alamofire.framework",
				"${TARGET_BUILD_DIR}/${FRAMEWORKS_FOLDER_PATH}/Charts.framework",
				"${TARGET_BUILD_DIR}/${FRAMEWORKS_FOLDER_PATH}/Mockingjay.framework",
				"${TARGET_BUILD_DIR}/${FRAMEWORKS_FOLDER_PATH}/PINCache.framework",
				"${TARGET_BUILD_DIR}/${FRAMEWORKS_FOLDER_PATH}/PINOperation.framework",
				"${TARGET_BUILD_DIR}/${FRAMEWORKS_FOLDER_PATH}/PINRemoteImage.framework",
				"${TARGET_BUILD_DIR}/${FRAMEWORKS_FOLDER_PATH}/SnapKit.framework",
				"${TARGET_BUILD_DIR}/${FRAMEWORKS_FOLDER_PATH}/AsyncDisplayKit.framework",
				"${TARGET_BUILD_DIR}/${FRAMEWORKS_FOLDER_PATH}/URITemplate.framework",
			);
			runOnlyForDeploymentPostprocessing = 0;
			shellPath = /bin/sh;
			shellScript = "\"${SRCROOT}/Pods/Target Support Files/Pods-Stocks-StoxUITests/Pods-Stocks-StoxUITests-frameworks.sh\"\n";
			showEnvVarsInLog = 0;
		};
		0F30B3FD6C46C8B9150B48C7 /* [CP] Check Pods Manifest.lock */ = {
			isa = PBXShellScriptBuildPhase;
			buildActionMask = 2147483647;
			files = (
			);
			inputPaths = (
				"${PODS_PODFILE_DIR_PATH}/Podfile.lock",
				"${PODS_ROOT}/Manifest.lock",
			);
			name = "[CP] Check Pods Manifest.lock";
			outputPaths = (
				"$(DERIVED_FILE_DIR)/Pods-Stocks-StoxUITests-checkManifestLockResult.txt",
			);
			runOnlyForDeploymentPostprocessing = 0;
			shellPath = /bin/sh;
			shellScript = "diff \"${PODS_PODFILE_DIR_PATH}/Podfile.lock\" \"${PODS_ROOT}/Manifest.lock\" > /dev/null\nif [ $? != 0 ] ; then\n    # print error to STDERR\n    echo \"error: The sandbox is not in sync with the Podfile.lock. Run 'pod install' or update your CocoaPods installation.\" >&2\n    exit 1\nfi\n# This output is used by Xcode 'outputs' to avoid re-running this script phase.\necho \"SUCCESS\" > \"${SCRIPT_OUTPUT_FILE_0}\"\n";
			showEnvVarsInLog = 0;
		};
		1C42782D5810254B0F9BDD12 /* [CP] Embed Pods Frameworks */ = {
			isa = PBXShellScriptBuildPhase;
			buildActionMask = 2147483647;
			files = (
			);
			inputPaths = (
				"${SRCROOT}/Pods/Target Support Files/Pods-Stocks-Stox_Unit_Tests/Pods-Stocks-Stox_Unit_Tests-frameworks.sh",
				"${BUILT_PRODUCTS_DIR}/Alamofire/Alamofire.framework",
				"${BUILT_PRODUCTS_DIR}/Charts/Charts.framework",
				"${BUILT_PRODUCTS_DIR}/Mockingjay/Mockingjay.framework",
				"${BUILT_PRODUCTS_DIR}/PINCache/PINCache.framework",
				"${BUILT_PRODUCTS_DIR}/PINOperation/PINOperation.framework",
				"${BUILT_PRODUCTS_DIR}/PINRemoteImage/PINRemoteImage.framework",
				"${BUILT_PRODUCTS_DIR}/SnapKit/SnapKit.framework",
				"${BUILT_PRODUCTS_DIR}/Texture/AsyncDisplayKit.framework",
				"${BUILT_PRODUCTS_DIR}/URITemplate/URITemplate.framework",
			);
			name = "[CP] Embed Pods Frameworks";
			outputPaths = (
				"${TARGET_BUILD_DIR}/${FRAMEWORKS_FOLDER_PATH}/Alamofire.framework",
				"${TARGET_BUILD_DIR}/${FRAMEWORKS_FOLDER_PATH}/Charts.framework",
				"${TARGET_BUILD_DIR}/${FRAMEWORKS_FOLDER_PATH}/Mockingjay.framework",
				"${TARGET_BUILD_DIR}/${FRAMEWORKS_FOLDER_PATH}/PINCache.framework",
				"${TARGET_BUILD_DIR}/${FRAMEWORKS_FOLDER_PATH}/PINOperation.framework",
				"${TARGET_BUILD_DIR}/${FRAMEWORKS_FOLDER_PATH}/PINRemoteImage.framework",
				"${TARGET_BUILD_DIR}/${FRAMEWORKS_FOLDER_PATH}/SnapKit.framework",
				"${TARGET_BUILD_DIR}/${FRAMEWORKS_FOLDER_PATH}/AsyncDisplayKit.framework",
				"${TARGET_BUILD_DIR}/${FRAMEWORKS_FOLDER_PATH}/URITemplate.framework",
			);
			runOnlyForDeploymentPostprocessing = 0;
			shellPath = /bin/sh;
			shellScript = "\"${SRCROOT}/Pods/Target Support Files/Pods-Stocks-Stox_Unit_Tests/Pods-Stocks-Stox_Unit_Tests-frameworks.sh\"\n";
			showEnvVarsInLog = 0;
		};
		34720ED04FEB4D43651AF9BA /* [CP] Embed Pods Frameworks */ = {
			isa = PBXShellScriptBuildPhase;
			buildActionMask = 2147483647;
			files = (
			);
			inputPaths = (
				"${SRCROOT}/Pods/Target Support Files/Pods-Stocks-Stox/Pods-Stocks-Stox-frameworks.sh",
				"${BUILT_PRODUCTS_DIR}/Alamofire/Alamofire.framework",
				"${BUILT_PRODUCTS_DIR}/Charts/Charts.framework",
				"${BUILT_PRODUCTS_DIR}/Mockingjay/Mockingjay.framework",
				"${BUILT_PRODUCTS_DIR}/PINCache/PINCache.framework",
				"${BUILT_PRODUCTS_DIR}/PINOperation/PINOperation.framework",
				"${BUILT_PRODUCTS_DIR}/PINRemoteImage/PINRemoteImage.framework",
				"${BUILT_PRODUCTS_DIR}/SnapKit/SnapKit.framework",
				"${BUILT_PRODUCTS_DIR}/Texture/AsyncDisplayKit.framework",
				"${BUILT_PRODUCTS_DIR}/URITemplate/URITemplate.framework",
			);
			name = "[CP] Embed Pods Frameworks";
			outputPaths = (
				"${TARGET_BUILD_DIR}/${FRAMEWORKS_FOLDER_PATH}/Alamofire.framework",
				"${TARGET_BUILD_DIR}/${FRAMEWORKS_FOLDER_PATH}/Charts.framework",
				"${TARGET_BUILD_DIR}/${FRAMEWORKS_FOLDER_PATH}/Mockingjay.framework",
				"${TARGET_BUILD_DIR}/${FRAMEWORKS_FOLDER_PATH}/PINCache.framework",
				"${TARGET_BUILD_DIR}/${FRAMEWORKS_FOLDER_PATH}/PINOperation.framework",
				"${TARGET_BUILD_DIR}/${FRAMEWORKS_FOLDER_PATH}/PINRemoteImage.framework",
				"${TARGET_BUILD_DIR}/${FRAMEWORKS_FOLDER_PATH}/SnapKit.framework",
				"${TARGET_BUILD_DIR}/${FRAMEWORKS_FOLDER_PATH}/AsyncDisplayKit.framework",
				"${TARGET_BUILD_DIR}/${FRAMEWORKS_FOLDER_PATH}/URITemplate.framework",
			);
			runOnlyForDeploymentPostprocessing = 0;
			shellPath = /bin/sh;
			shellScript = "\"${SRCROOT}/Pods/Target Support Files/Pods-Stocks-Stox/Pods-Stocks-Stox-frameworks.sh\"\n";
			showEnvVarsInLog = 0;
		};
		856992D4B173A7DE997F96C2 /* [CP] Check Pods Manifest.lock */ = {
			isa = PBXShellScriptBuildPhase;
			buildActionMask = 2147483647;
			files = (
			);
			inputPaths = (
				"${PODS_PODFILE_DIR_PATH}/Podfile.lock",
				"${PODS_ROOT}/Manifest.lock",
			);
			name = "[CP] Check Pods Manifest.lock";
			outputPaths = (
				"$(DERIVED_FILE_DIR)/Pods-Stocks-Stox-checkManifestLockResult.txt",
			);
			runOnlyForDeploymentPostprocessing = 0;
			shellPath = /bin/sh;
			shellScript = "diff \"${PODS_PODFILE_DIR_PATH}/Podfile.lock\" \"${PODS_ROOT}/Manifest.lock\" > /dev/null\nif [ $? != 0 ] ; then\n    # print error to STDERR\n    echo \"error: The sandbox is not in sync with the Podfile.lock. Run 'pod install' or update your CocoaPods installation.\" >&2\n    exit 1\nfi\n# This output is used by Xcode 'outputs' to avoid re-running this script phase.\necho \"SUCCESS\" > \"${SCRIPT_OUTPUT_FILE_0}\"\n";
			showEnvVarsInLog = 0;
		};
		A736E4F4DD816160E8331459 /* [CP] Check Pods Manifest.lock */ = {
			isa = PBXShellScriptBuildPhase;
			buildActionMask = 2147483647;
			files = (
			);
			inputPaths = (
				"${PODS_PODFILE_DIR_PATH}/Podfile.lock",
				"${PODS_ROOT}/Manifest.lock",
			);
			name = "[CP] Check Pods Manifest.lock";
			outputPaths = (
				"$(DERIVED_FILE_DIR)/Pods-Stocks-Stox_Unit_Tests-checkManifestLockResult.txt",
			);
			runOnlyForDeploymentPostprocessing = 0;
			shellPath = /bin/sh;
			shellScript = "diff \"${PODS_PODFILE_DIR_PATH}/Podfile.lock\" \"${PODS_ROOT}/Manifest.lock\" > /dev/null\nif [ $? != 0 ] ; then\n    # print error to STDERR\n    echo \"error: The sandbox is not in sync with the Podfile.lock. Run 'pod install' or update your CocoaPods installation.\" >&2\n    exit 1\nfi\n# This output is used by Xcode 'outputs' to avoid re-running this script phase.\necho \"SUCCESS\" > \"${SCRIPT_OUTPUT_FILE_0}\"\n";
			showEnvVarsInLog = 0;
		};
/* End PBXShellScriptBuildPhase section */

/* Begin PBXSourcesBuildPhase section */
		24180CF82095826900116188 /* Sources */ = {
			isa = PBXSourcesBuildPhase;
			buildActionMask = 2147483647;
			files = (
				24180D0D2095903800116188 /* StockCell.swift in Sources */,
				24180D3020963C0300116188 /* Stox.xcdatamodeld in Sources */,
				24180CFF2095826900116188 /* Stox_Unit_Tests.swift in Sources */,
				24180D222096163700116188 /* UIColor+customTheme.swift in Sources */,
				24180D212096153900116188 /* StockQuote.swift in Sources */,
			);
			runOnlyForDeploymentPostprocessing = 0;
		};
		24D685A82092E33C00A6DB35 /* Sources */ = {
			isa = PBXSourcesBuildPhase;
			buildActionMask = 2147483647;
			files = (
				24180CF520957F2600116188 /* StockQuotes.swift in Sources */,
				24180CEC20955E8F00116188 /* DetailController.swift in Sources */,
				242AEF7620941DA200A45E21 /* StockQuote.swift in Sources */,
				24180CE52095577E00116188 /* StockController.swift in Sources */,
				24180D2E20963C0300116188 /* Stox.xcdatamodeld in Sources */,
				24180CE72095591400116188 /* UIColor+customTheme.swift in Sources */,
				24180D0B2095903800116188 /* StockCell.swift in Sources */,
				24D685B02092E33C00A6DB35 /* AppDelegate.swift in Sources */,
			);
			runOnlyForDeploymentPostprocessing = 0;
		};
		24D685CA2092E34500A6DB35 /* Sources */ = {
			isa = PBXSourcesBuildPhase;
			buildActionMask = 2147483647;
			files = (
				24180D232096163800116188 /* UIColor+customTheme.swift in Sources */,
				24180D1A20959FCF00116188 /* StockQuote.swift in Sources */,
				24180CF720957F2600116188 /* StockQuotes.swift in Sources */,
				24180CEE20955E8F00116188 /* DetailController.swift in Sources */,
				24180D0C2095903800116188 /* StockCell.swift in Sources */,
				24D685D32092E34500A6DB35 /* StoxUITests.swift in Sources */,
				24180D2F20963C0300116188 /* Stox.xcdatamodeld in Sources */,
			);
			runOnlyForDeploymentPostprocessing = 0;
		};
/* End PBXSourcesBuildPhase section */

/* Begin PBXTargetDependency section */
		24180D022095826900116188 /* PBXTargetDependency */ = {
			isa = PBXTargetDependency;
			target = 24D685AB2092E33C00A6DB35 /* Stox */;
			targetProxy = 24180D012095826900116188 /* PBXContainerItemProxy */;
		};
		24D685D02092E34500A6DB35 /* PBXTargetDependency */ = {
			isa = PBXTargetDependency;
			target = 24D685AB2092E33C00A6DB35 /* Stox */;
			targetProxy = 24D685CF2092E34500A6DB35 /* PBXContainerItemProxy */;
		};
/* End PBXTargetDependency section */

/* Begin PBXVariantGroup section */
		24D685B32092E33C00A6DB35 /* Main.storyboard */ = {
			isa = PBXVariantGroup;
			children = (
				24D685B42092E33C00A6DB35 /* Base */,
			);
			name = Main.storyboard;
			sourceTree = "<group>";
		};
		24D685BB2092E34400A6DB35 /* LaunchScreen.storyboard */ = {
			isa = PBXVariantGroup;
			children = (
				24D685BC2092E34400A6DB35 /* Base */,
			);
			name = LaunchScreen.storyboard;
			sourceTree = "<group>";
		};
/* End PBXVariantGroup section */

/* Begin XCBuildConfiguration section */
		24180D042095826900116188 /* Debug */ = {
			isa = XCBuildConfiguration;
			baseConfigurationReference = 77804E2A59AEC9C28C575348 /* Pods-Stocks-Stox_Unit_Tests.debug.xcconfig */;
			buildSettings = {
				ALWAYS_EMBED_SWIFT_STANDARD_LIBRARIES = "$(inherited)";
				BUNDLE_LOADER = "$(TEST_HOST)";
				CODE_SIGN_STYLE = Automatic;
				DEVELOPMENT_TEAM = C4588H2WW4;
				INFOPLIST_FILE = Stox_Unit_Tests/Info.plist;
				LD_RUNPATH_SEARCH_PATHS = (
					"$(inherited)",
					"@executable_path/Frameworks",
					"@loader_path/Frameworks",
				);
				PRODUCT_BUNDLE_IDENTIFIER = "com.Lithogen.Stox-Unit-Tests";
				PRODUCT_NAME = "$(TARGET_NAME)";
				SWIFT_VERSION = 4.0;
				TARGETED_DEVICE_FAMILY = "1,2";
				TEST_HOST = "$(BUILT_PRODUCTS_DIR)/Stox.app/Stox";
			};
			name = Debug;
		};
		24180D052095826900116188 /* Release */ = {
			isa = XCBuildConfiguration;
			baseConfigurationReference = B5DD03632ED34A1CE12F1B5D /* Pods-Stocks-Stox_Unit_Tests.release.xcconfig */;
			buildSettings = {
				ALWAYS_EMBED_SWIFT_STANDARD_LIBRARIES = "$(inherited)";
				BUNDLE_LOADER = "$(TEST_HOST)";
				CODE_SIGN_STYLE = Automatic;
				DEVELOPMENT_TEAM = C4588H2WW4;
				INFOPLIST_FILE = Stox_Unit_Tests/Info.plist;
				LD_RUNPATH_SEARCH_PATHS = (
					"$(inherited)",
					"@executable_path/Frameworks",
					"@loader_path/Frameworks",
				);
				PRODUCT_BUNDLE_IDENTIFIER = "com.Lithogen.Stox-Unit-Tests";
				PRODUCT_NAME = "$(TARGET_NAME)";
				SWIFT_VERSION = 4.0;
				TARGETED_DEVICE_FAMILY = "1,2";
				TEST_HOST = "$(BUILT_PRODUCTS_DIR)/Stox.app/Stox";
			};
			name = Release;
		};
		24D685D52092E34500A6DB35 /* Debug */ = {
			isa = XCBuildConfiguration;
			buildSettings = {
				ALWAYS_SEARCH_USER_PATHS = NO;
				CLANG_ANALYZER_NONNULL = YES;
				CLANG_ANALYZER_NUMBER_OBJECT_CONVERSION = YES_AGGRESSIVE;
				CLANG_CXX_LANGUAGE_STANDARD = "gnu++14";
				CLANG_CXX_LIBRARY = "libc++";
				CLANG_ENABLE_MODULES = YES;
				CLANG_ENABLE_OBJC_ARC = YES;
				CLANG_ENABLE_OBJC_WEAK = YES;
				CLANG_WARN_BLOCK_CAPTURE_AUTORELEASING = YES;
				CLANG_WARN_BOOL_CONVERSION = YES;
				CLANG_WARN_COMMA = YES;
				CLANG_WARN_CONSTANT_CONVERSION = YES;
				CLANG_WARN_DEPRECATED_OBJC_IMPLEMENTATIONS = YES;
				CLANG_WARN_DIRECT_OBJC_ISA_USAGE = YES_ERROR;
				CLANG_WARN_DOCUMENTATION_COMMENTS = YES;
				CLANG_WARN_EMPTY_BODY = YES;
				CLANG_WARN_ENUM_CONVERSION = YES;
				CLANG_WARN_INFINITE_RECURSION = YES;
				CLANG_WARN_INT_CONVERSION = YES;
				CLANG_WARN_NON_LITERAL_NULL_CONVERSION = YES;
				CLANG_WARN_OBJC_IMPLICIT_RETAIN_SELF = YES;
				CLANG_WARN_OBJC_LITERAL_CONVERSION = YES;
				CLANG_WARN_OBJC_ROOT_CLASS = YES_ERROR;
				CLANG_WARN_RANGE_LOOP_ANALYSIS = YES;
				CLANG_WARN_STRICT_PROTOTYPES = YES;
				CLANG_WARN_SUSPICIOUS_MOVE = YES;
				CLANG_WARN_UNGUARDED_AVAILABILITY = YES_AGGRESSIVE;
				CLANG_WARN_UNREACHABLE_CODE = YES;
				CLANG_WARN__DUPLICATE_METHOD_MATCH = YES;
				CODE_SIGN_IDENTITY = "iPhone Developer";
				COPY_PHASE_STRIP = NO;
				DEBUG_INFORMATION_FORMAT = dwarf;
				ENABLE_STRICT_OBJC_MSGSEND = YES;
				ENABLE_TESTABILITY = YES;
				GCC_C_LANGUAGE_STANDARD = gnu11;
				GCC_DYNAMIC_NO_PIC = NO;
				GCC_NO_COMMON_BLOCKS = YES;
				GCC_OPTIMIZATION_LEVEL = 0;
				GCC_PREPROCESSOR_DEFINITIONS = (
					"DEBUG=1",
					"$(inherited)",
				);
				GCC_WARN_64_TO_32_BIT_CONVERSION = YES;
				GCC_WARN_ABOUT_RETURN_TYPE = YES_ERROR;
				GCC_WARN_UNDECLARED_SELECTOR = YES;
				GCC_WARN_UNINITIALIZED_AUTOS = YES_AGGRESSIVE;
				GCC_WARN_UNUSED_FUNCTION = YES;
				GCC_WARN_UNUSED_VARIABLE = YES;
				IPHONEOS_DEPLOYMENT_TARGET = 11.3;
				MTL_ENABLE_DEBUG_INFO = YES;
				ONLY_ACTIVE_ARCH = YES;
				SDKROOT = iphoneos;
				SWIFT_ACTIVE_COMPILATION_CONDITIONS = DEBUG;
				SWIFT_OPTIMIZATION_LEVEL = "-Onone";
			};
			name = Debug;
		};
		24D685D62092E34500A6DB35 /* Release */ = {
			isa = XCBuildConfiguration;
			buildSettings = {
				ALWAYS_SEARCH_USER_PATHS = NO;
				CLANG_ANALYZER_NONNULL = YES;
				CLANG_ANALYZER_NUMBER_OBJECT_CONVERSION = YES_AGGRESSIVE;
				CLANG_CXX_LANGUAGE_STANDARD = "gnu++14";
				CLANG_CXX_LIBRARY = "libc++";
				CLANG_ENABLE_MODULES = YES;
				CLANG_ENABLE_OBJC_ARC = YES;
				CLANG_ENABLE_OBJC_WEAK = YES;
				CLANG_WARN_BLOCK_CAPTURE_AUTORELEASING = YES;
				CLANG_WARN_BOOL_CONVERSION = YES;
				CLANG_WARN_COMMA = YES;
				CLANG_WARN_CONSTANT_CONVERSION = YES;
				CLANG_WARN_DEPRECATED_OBJC_IMPLEMENTATIONS = YES;
				CLANG_WARN_DIRECT_OBJC_ISA_USAGE = YES_ERROR;
				CLANG_WARN_DOCUMENTATION_COMMENTS = YES;
				CLANG_WARN_EMPTY_BODY = YES;
				CLANG_WARN_ENUM_CONVERSION = YES;
				CLANG_WARN_INFINITE_RECURSION = YES;
				CLANG_WARN_INT_CONVERSION = YES;
				CLANG_WARN_NON_LITERAL_NULL_CONVERSION = YES;
				CLANG_WARN_OBJC_IMPLICIT_RETAIN_SELF = YES;
				CLANG_WARN_OBJC_LITERAL_CONVERSION = YES;
				CLANG_WARN_OBJC_ROOT_CLASS = YES_ERROR;
				CLANG_WARN_RANGE_LOOP_ANALYSIS = YES;
				CLANG_WARN_STRICT_PROTOTYPES = YES;
				CLANG_WARN_SUSPICIOUS_MOVE = YES;
				CLANG_WARN_UNGUARDED_AVAILABILITY = YES_AGGRESSIVE;
				CLANG_WARN_UNREACHABLE_CODE = YES;
				CLANG_WARN__DUPLICATE_METHOD_MATCH = YES;
				CODE_SIGN_IDENTITY = "iPhone Developer";
				COPY_PHASE_STRIP = NO;
				DEBUG_INFORMATION_FORMAT = "dwarf-with-dsym";
				ENABLE_NS_ASSERTIONS = NO;
				ENABLE_STRICT_OBJC_MSGSEND = YES;
				GCC_C_LANGUAGE_STANDARD = gnu11;
				GCC_NO_COMMON_BLOCKS = YES;
				GCC_WARN_64_TO_32_BIT_CONVERSION = YES;
				GCC_WARN_ABOUT_RETURN_TYPE = YES_ERROR;
				GCC_WARN_UNDECLARED_SELECTOR = YES;
				GCC_WARN_UNINITIALIZED_AUTOS = YES_AGGRESSIVE;
				GCC_WARN_UNUSED_FUNCTION = YES;
				GCC_WARN_UNUSED_VARIABLE = YES;
				IPHONEOS_DEPLOYMENT_TARGET = 11.3;
				MTL_ENABLE_DEBUG_INFO = NO;
				SDKROOT = iphoneos;
				SWIFT_COMPILATION_MODE = wholemodule;
				SWIFT_OPTIMIZATION_LEVEL = "-O";
				VALIDATE_PRODUCT = YES;
			};
			name = Release;
		};
		24D685D82092E34500A6DB35 /* Debug */ = {
			isa = XCBuildConfiguration;
			baseConfigurationReference = 561104E8630462310FBB3D3C /* Pods-Stocks-Stox.debug.xcconfig */;
			buildSettings = {
				ASSETCATALOG_COMPILER_APPICON_NAME = AppIcon;
				CODE_SIGN_STYLE = Automatic;
				DEVELOPMENT_TEAM = C4588H2WW4;
				INFOPLIST_FILE = "$(SRCROOT)/Stox/Resources/Info.plist";
				LD_RUNPATH_SEARCH_PATHS = (
					"$(inherited)",
					"@executable_path/Frameworks",
				);
				PRODUCT_BUNDLE_IDENTIFIER = com.Lithogen.Stox;
				PRODUCT_NAME = "$(TARGET_NAME)";
				SWIFT_VERSION = 4.0;
				TARGETED_DEVICE_FAMILY = "1,2";
			};
			name = Debug;
		};
		24D685D92092E34500A6DB35 /* Release */ = {
			isa = XCBuildConfiguration;
			baseConfigurationReference = 4390C4C1626EC3F7F8548C67 /* Pods-Stocks-Stox.release.xcconfig */;
			buildSettings = {
				ASSETCATALOG_COMPILER_APPICON_NAME = AppIcon;
				CODE_SIGN_STYLE = Automatic;
				DEVELOPMENT_TEAM = C4588H2WW4;
				INFOPLIST_FILE = "$(SRCROOT)/Stox/Resources/Info.plist";
				LD_RUNPATH_SEARCH_PATHS = (
					"$(inherited)",
					"@executable_path/Frameworks",
				);
				PRODUCT_BUNDLE_IDENTIFIER = com.Lithogen.Stox;
				PRODUCT_NAME = "$(TARGET_NAME)";
				SWIFT_VERSION = 4.0;
				TARGETED_DEVICE_FAMILY = "1,2";
			};
			name = Release;
		};
		24D685DE2092E34500A6DB35 /* Debug */ = {
			isa = XCBuildConfiguration;
			baseConfigurationReference = 35584929042B8F6C91A96FB7 /* Pods-Stocks-StoxUITests.debug.xcconfig */;
			buildSettings = {
				ALWAYS_EMBED_SWIFT_STANDARD_LIBRARIES = "$(inherited)";
				CODE_SIGN_STYLE = Automatic;
				DEVELOPMENT_TEAM = C4588H2WW4;
				INFOPLIST_FILE = StoxUITests/Info.plist;
				LD_RUNPATH_SEARCH_PATHS = (
					"$(inherited)",
					"@executable_path/Frameworks",
					"@loader_path/Frameworks",
				);
				PRODUCT_BUNDLE_IDENTIFIER = com.Lithogen.StoxUITests;
				PRODUCT_NAME = "$(TARGET_NAME)";
				SWIFT_VERSION = 4.0;
				TARGETED_DEVICE_FAMILY = "1,2";
				TEST_TARGET_NAME = Stox;
			};
			name = Debug;
		};
		24D685DF2092E34500A6DB35 /* Release */ = {
			isa = XCBuildConfiguration;
			baseConfigurationReference = 08177682A02FDF400DB66953 /* Pods-Stocks-StoxUITests.release.xcconfig */;
			buildSettings = {
				ALWAYS_EMBED_SWIFT_STANDARD_LIBRARIES = "$(inherited)";
				CODE_SIGN_STYLE = Automatic;
				DEVELOPMENT_TEAM = C4588H2WW4;
				INFOPLIST_FILE = StoxUITests/Info.plist;
				LD_RUNPATH_SEARCH_PATHS = (
					"$(inherited)",
					"@executable_path/Frameworks",
					"@loader_path/Frameworks",
				);
				PRODUCT_BUNDLE_IDENTIFIER = com.Lithogen.StoxUITests;
				PRODUCT_NAME = "$(TARGET_NAME)";
				SWIFT_VERSION = 4.0;
				TARGETED_DEVICE_FAMILY = "1,2";
				TEST_TARGET_NAME = Stox;
			};
			name = Release;
		};
/* End XCBuildConfiguration section */

/* Begin XCConfigurationList section */
		24180D032095826900116188 /* Build configuration list for PBXNativeTarget "Stox_Unit_Tests" */ = {
			isa = XCConfigurationList;
			buildConfigurations = (
				24180D042095826900116188 /* Debug */,
				24180D052095826900116188 /* Release */,
			);
			defaultConfigurationIsVisible = 0;
			defaultConfigurationName = Release;
		};
		24D685A72092E33C00A6DB35 /* Build configuration list for PBXProject "Stox" */ = {
			isa = XCConfigurationList;
			buildConfigurations = (
				24D685D52092E34500A6DB35 /* Debug */,
				24D685D62092E34500A6DB35 /* Release */,
			);
			defaultConfigurationIsVisible = 0;
			defaultConfigurationName = Release;
		};
		24D685D72092E34500A6DB35 /* Build configuration list for PBXNativeTarget "Stox" */ = {
			isa = XCConfigurationList;
			buildConfigurations = (
				24D685D82092E34500A6DB35 /* Debug */,
				24D685D92092E34500A6DB35 /* Release */,
			);
			defaultConfigurationIsVisible = 0;
			defaultConfigurationName = Release;
		};
		24D685DD2092E34500A6DB35 /* Build configuration list for PBXNativeTarget "StoxUITests" */ = {
			isa = XCConfigurationList;
			buildConfigurations = (
				24D685DE2092E34500A6DB35 /* Debug */,
				24D685DF2092E34500A6DB35 /* Release */,
			);
			defaultConfigurationIsVisible = 0;
			defaultConfigurationName = Release;
		};
/* End XCConfigurationList section */

/* Begin XCVersionGroup section */
		24180D2C20963C0300116188 /* Stox.xcdatamodeld */ = {
			isa = XCVersionGroup;
			children = (
				24180D2D20963C0300116188 /* Stox.xcdatamodel */,
			);
			currentVersion = 24180D2D20963C0300116188 /* Stox.xcdatamodel */;
			name = Stox.xcdatamodeld;
			path = ../Model/Stox.xcdatamodeld;
			sourceTree = "<group>";
			versionGroupType = wrapper.xcdatamodel;
		};
/* End XCVersionGroup section */
	};
	rootObject = 24D685A42092E33C00A6DB35 /* Project object */;
}
