// !$*UTF8*$!
{
	archiveVersion = 1;
	classes = {
	};
	objectVersion = 50;
	objects = {

/* Begin PBXBuildFile section */
		16C8E3C55330C8F4A14FD0AB /* Pods_StoxUITests.framework in Frameworks */ = {isa = PBXBuildFile; fileRef = 86F819C098AE80992054733C /* Pods_StoxUITests.framework */; };
		24180CE52095577E00116188 /* StockController.swift in Sources */ = {isa = PBXBuildFile; fileRef = 24180CE42095577E00116188 /* StockController.swift */; };
		24180CE72095591400116188 /* UIColor+customTheme.swift in Sources */ = {isa = PBXBuildFile; fileRef = 24180CE62095591400116188 /* UIColor+customTheme.swift */; };
		24180CEC20955E8F00116188 /* DetailController.swift in Sources */ = {isa = PBXBuildFile; fileRef = 24180CEB20955E8F00116188 /* DetailController.swift */; };
		24180CEE20955E8F00116188 /* DetailController.swift in Sources */ = {isa = PBXBuildFile; fileRef = 24180CEB20955E8F00116188 /* DetailController.swift */; };
		24180CF520957F2600116188 /* StockQuotes.swift in Sources */ = {isa = PBXBuildFile; fileRef = 24180CF420957F2600116188 /* StockQuotes.swift */; };
		24180CF720957F2600116188 /* StockQuotes.swift in Sources */ = {isa = PBXBuildFile; fileRef = 24180CF420957F2600116188 /* StockQuotes.swift */; };
		24180CFF2095826900116188 /* Stox_Unit_Tests.swift in Sources */ = {isa = PBXBuildFile; fileRef = 24180CFE2095826900116188 /* Stox_Unit_Tests.swift */; };
		24180D0B2095903800116188 /* StockCell.swift in Sources */ = {isa = PBXBuildFile; fileRef = 24180D0A2095903800116188 /* StockCell.swift */; };
		24180D0C2095903800116188 /* StockCell.swift in Sources */ = {isa = PBXBuildFile; fileRef = 24180D0A2095903800116188 /* StockCell.swift */; };
		24180D0D2095903800116188 /* StockCell.swift in Sources */ = {isa = PBXBuildFile; fileRef = 24180D0A2095903800116188 /* StockCell.swift */; };
		24180D1A20959FCF00116188 /* StockQuote.swift in Sources */ = {isa = PBXBuildFile; fileRef = 242AEF7520941DA200A45E21 /* StockQuote.swift */; };
		24180D1E2095A0F100116188 /* SnapKit.framework in Frameworks */ = {isa = PBXBuildFile; fileRef = 24180D1D2095A0F100116188 /* SnapKit.framework */; };
		24180D212096153900116188 /* StockQuote.swift in Sources */ = {isa = PBXBuildFile; fileRef = 242AEF7520941DA200A45E21 /* StockQuote.swift */; };
		24180D222096163700116188 /* UIColor+customTheme.swift in Sources */ = {isa = PBXBuildFile; fileRef = 24180CE62095591400116188 /* UIColor+customTheme.swift */; };
		24180D232096163800116188 /* UIColor+customTheme.swift in Sources */ = {isa = PBXBuildFile; fileRef = 24180CE62095591400116188 /* UIColor+customTheme.swift */; };
		24180D2E20963C0300116188 /* Stox.xcdatamodeld in Sources */ = {isa = PBXBuildFile; fileRef = 24180D2C20963C0300116188 /* Stox.xcdatamodeld */; };
		24180D2F20963C0300116188 /* Stox.xcdatamodeld in Sources */ = {isa = PBXBuildFile; fileRef = 24180D2C20963C0300116188 /* Stox.xcdatamodeld */; };
		24180D3020963C0300116188 /* Stox.xcdatamodeld in Sources */ = {isa = PBXBuildFile; fileRef = 24180D2C20963C0300116188 /* Stox.xcdatamodeld */; };
		24180D3320963F1D00116188 /* MockHTTPClient.swift in Sources */ = {isa = PBXBuildFile; fileRef = 24180D3220963F1D00116188 /* MockHTTPClient.swift */; };
		24180D3420963F1D00116188 /* MockHTTPClient.swift in Sources */ = {isa = PBXBuildFile; fileRef = 24180D3220963F1D00116188 /* MockHTTPClient.swift */; };
		24180D3520963F1D00116188 /* MockHTTPClient.swift in Sources */ = {isa = PBXBuildFile; fileRef = 24180D3220963F1D00116188 /* MockHTTPClient.swift */; };
		24180D372096413400116188 /* stockQuote.json in Resources */ = {isa = PBXBuildFile; fileRef = 24180D362096413400116188 /* stockQuote.json */; };
		24180D382096413400116188 /* stockQuote.json in Resources */ = {isa = PBXBuildFile; fileRef = 24180D362096413400116188 /* stockQuote.json */; };
		24180D392096413400116188 /* stockQuote.json in Resources */ = {isa = PBXBuildFile; fileRef = 24180D362096413400116188 /* stockQuote.json */; };
		24180D3F2096524300116188 /* URLSessionDataTaskProtocol.swift in Sources */ = {isa = PBXBuildFile; fileRef = 24180D3E2096524300116188 /* URLSessionDataTaskProtocol.swift */; };
		24180D402096524300116188 /* URLSessionDataTaskProtocol.swift in Sources */ = {isa = PBXBuildFile; fileRef = 24180D3E2096524300116188 /* URLSessionDataTaskProtocol.swift */; };
		24180D412096524300116188 /* URLSessionDataTaskProtocol.swift in Sources */ = {isa = PBXBuildFile; fileRef = 24180D3E2096524300116188 /* URLSessionDataTaskProtocol.swift */; };
		24180D432096526400116188 /* URLSessionProtocol.swift in Sources */ = {isa = PBXBuildFile; fileRef = 24180D422096526400116188 /* URLSessionProtocol.swift */; };
		24180D442096526400116188 /* URLSessionProtocol.swift in Sources */ = {isa = PBXBuildFile; fileRef = 24180D422096526400116188 /* URLSessionProtocol.swift */; };
		24180D452096526400116188 /* URLSessionProtocol.swift in Sources */ = {isa = PBXBuildFile; fileRef = 24180D422096526400116188 /* URLSessionProtocol.swift */; };
		24180D472096527A00116188 /* MockSession.swift in Sources */ = {isa = PBXBuildFile; fileRef = 24180D462096527A00116188 /* MockSession.swift */; };
		24180D482096527A00116188 /* MockSession.swift in Sources */ = {isa = PBXBuildFile; fileRef = 24180D462096527A00116188 /* MockSession.swift */; };
		24180D492096527A00116188 /* MockSession.swift in Sources */ = {isa = PBXBuildFile; fileRef = 24180D462096527A00116188 /* MockSession.swift */; };
		24180D4F209652A500116188 /* MockDataTask.swift in Sources */ = {isa = PBXBuildFile; fileRef = 24180D4E209652A500116188 /* MockDataTask.swift */; };
		24180D50209652A500116188 /* MockDataTask.swift in Sources */ = {isa = PBXBuildFile; fileRef = 24180D4E209652A500116188 /* MockDataTask.swift */; };
		24180D51209652A500116188 /* MockDataTask.swift in Sources */ = {isa = PBXBuildFile; fileRef = 24180D4E209652A500116188 /* MockDataTask.swift */; };
		24180D53209653AB00116188 /* HTTPClient.swift in Sources */ = {isa = PBXBuildFile; fileRef = 24180D52209653AB00116188 /* HTTPClient.swift */; };
		24180D54209653AB00116188 /* HTTPClient.swift in Sources */ = {isa = PBXBuildFile; fileRef = 24180D52209653AB00116188 /* HTTPClient.swift */; };
		24180D55209653AB00116188 /* HTTPClient.swift in Sources */ = {isa = PBXBuildFile; fileRef = 24180D52209653AB00116188 /* HTTPClient.swift */; };
		242AEF7620941DA200A45E21 /* StockQuote.swift in Sources */ = {isa = PBXBuildFile; fileRef = 242AEF7520941DA200A45E21 /* StockQuote.swift */; };
		24D685B02092E33C00A6DB35 /* AppDelegate.swift in Sources */ = {isa = PBXBuildFile; fileRef = 24D685AF2092E33C00A6DB35 /* AppDelegate.swift */; };
		24D685B52092E33C00A6DB35 /* Main.storyboard in Resources */ = {isa = PBXBuildFile; fileRef = 24D685B32092E33C00A6DB35 /* Main.storyboard */; };
		24D685BA2092E34400A6DB35 /* Assets.xcassets in Resources */ = {isa = PBXBuildFile; fileRef = 24D685B92092E34400A6DB35 /* Assets.xcassets */; };
		24D685BD2092E34400A6DB35 /* LaunchScreen.storyboard in Resources */ = {isa = PBXBuildFile; fileRef = 24D685BB2092E34400A6DB35 /* LaunchScreen.storyboard */; };
		24D685D32092E34500A6DB35 /* StoxUITests.swift in Sources */ = {isa = PBXBuildFile; fileRef = 24D685D22092E34500A6DB35 /* StoxUITests.swift */; };
		331E3912C5D737EA70FF67C6 /* Pods_Stocks_Stox_Unit_Tests.framework in Frameworks */ = {isa = PBXBuildFile; fileRef = DA7C76BA01F5DC2EA6A2CF1D /* Pods_Stocks_Stox_Unit_Tests.framework */; };
		5C6744E4CA3A6BC2EFFBC051 /* Pods_Stox.framework in Frameworks */ = {isa = PBXBuildFile; fileRef = 6169DE54E30B71B97E0596DC /* Pods_Stox.framework */; };
		8F84B6C0EC6B2F1235289D5E /* Pods_Stocks_Stox.framework in Frameworks */ = {isa = PBXBuildFile; fileRef = 124ADDA91E7A2C3A7A28FC21 /* Pods_Stocks_Stox.framework */; };
		C7004BD15ECB7E7464DB6887 /* Pods_Stocks_StoxUITests.framework in Frameworks */ = {isa = PBXBuildFile; fileRef = 44A4307CC9AE6E7B036C3469 /* Pods_Stocks_StoxUITests.framework */; };
/* End PBXBuildFile section */

/* Begin PBXContainerItemProxy section */
		24180D012095826900116188 /* PBXContainerItemProxy */ = {
			isa = PBXContainerItemProxy;
			containerPortal = 24D685A42092E33C00A6DB35 /* Project object */;
			proxyType = 1;
			remoteGlobalIDString = 24D685AB2092E33C00A6DB35;
			remoteInfo = Stox;
		};
		24D685CF2092E34500A6DB35 /* PBXContainerItemProxy */ = {
			isa = PBXContainerItemProxy;
			containerPortal = 24D685A42092E33C00A6DB35 /* Project object */;
			proxyType = 1;
			remoteGlobalIDString = 24D685AB2092E33C00A6DB35;
			remoteInfo = Stox;
		};
/* End PBXContainerItemProxy section */

/* Begin PBXFileReference section */
		124ADDA91E7A2C3A7A28FC21 /* Pods_Stocks_Stox.framework */ = {isa = PBXFileReference; explicitFileType = wrapper.framework; includeInIndex = 0; path = Pods_Stocks_Stox.framework; sourceTree = BUILT_PRODUCTS_DIR; };
		13E41DA57FE7AB47836A9CC4 /* Pods_Stox_Unit_Tests.framework */ = {isa = PBXFileReference; explicitFileType = wrapper.framework; includeInIndex = 0; path = Pods_Stox_Unit_Tests.framework; sourceTree = BUILT_PRODUCTS_DIR; };
		24180CE42095577E00116188 /* StockController.swift */ = {isa = PBXFileReference; lastKnownFileType = sourcecode.swift; path = StockController.swift; sourceTree = "<group>"; };
		24180CE62095591400116188 /* UIColor+customTheme.swift */ = {isa = PBXFileReference; lastKnownFileType = sourcecode.swift; path = "UIColor+customTheme.swift"; sourceTree = "<group>"; };
		24180CEB20955E8F00116188 /* DetailController.swift */ = {isa = PBXFileReference; lastKnownFileType = sourcecode.swift; path = DetailController.swift; sourceTree = "<group>"; };
		24180CF420957F2600116188 /* StockQuotes.swift */ = {isa = PBXFileReference; lastKnownFileType = sourcecode.swift; path = StockQuotes.swift; sourceTree = "<group>"; };
		24180CFC2095826900116188 /* Stox_Unit_Tests.xctest */ = {isa = PBXFileReference; explicitFileType = wrapper.cfbundle; includeInIndex = 0; path = Stox_Unit_Tests.xctest; sourceTree = BUILT_PRODUCTS_DIR; };
		24180CFE2095826900116188 /* Stox_Unit_Tests.swift */ = {isa = PBXFileReference; lastKnownFileType = sourcecode.swift; path = Stox_Unit_Tests.swift; sourceTree = "<group>"; };
		24180D002095826900116188 /* Info.plist */ = {isa = PBXFileReference; lastKnownFileType = text.plist.xml; path = Info.plist; sourceTree = "<group>"; };
		24180D0A2095903800116188 /* StockCell.swift */ = {isa = PBXFileReference; lastKnownFileType = sourcecode.swift; path = StockCell.swift; sourceTree = "<group>"; };
		24180D1B2095A0E500116188 /* SnapKit.framework */ = {isa = PBXFileReference; explicitFileType = wrapper.framework; path = SnapKit.framework; sourceTree = BUILT_PRODUCTS_DIR; };
		24180D1D2095A0F100116188 /* SnapKit.framework */ = {isa = PBXFileReference; explicitFileType = wrapper.framework; path = SnapKit.framework; sourceTree = BUILT_PRODUCTS_DIR; };
		24180D1F2095A0F700116188 /* SnapKit.framework */ = {isa = PBXFileReference; explicitFileType = wrapper.framework; path = SnapKit.framework; sourceTree = BUILT_PRODUCTS_DIR; };
		24180D2D20963C0300116188 /* Stox.xcdatamodel */ = {isa = PBXFileReference; lastKnownFileType = wrapper.xcdatamodel; path = Stox.xcdatamodel; sourceTree = "<group>"; };
		24180D3220963F1D00116188 /* MockHTTPClient.swift */ = {isa = PBXFileReference; lastKnownFileType = sourcecode.swift; path = MockHTTPClient.swift; sourceTree = "<group>"; };
		24180D362096413400116188 /* stockQuote.json */ = {isa = PBXFileReference; lastKnownFileType = text.json; path = stockQuote.json; sourceTree = "<group>"; };
		24180D3E2096524300116188 /* URLSessionDataTaskProtocol.swift */ = {isa = PBXFileReference; lastKnownFileType = sourcecode.swift; path = URLSessionDataTaskProtocol.swift; sourceTree = "<group>"; };
		24180D422096526400116188 /* URLSessionProtocol.swift */ = {isa = PBXFileReference; lastKnownFileType = sourcecode.swift; path = URLSessionProtocol.swift; sourceTree = "<group>"; };
		24180D462096527A00116188 /* MockSession.swift */ = {isa = PBXFileReference; lastKnownFileType = sourcecode.swift; path = MockSession.swift; sourceTree = "<group>"; };
		24180D4E209652A500116188 /* MockDataTask.swift */ = {isa = PBXFileReference; lastKnownFileType = sourcecode.swift; path = MockDataTask.swift; sourceTree = "<group>"; };
		24180D52209653AB00116188 /* HTTPClient.swift */ = {isa = PBXFileReference; lastKnownFileType = sourcecode.swift; path = HTTPClient.swift; sourceTree = "<group>"; };
		242AEF7520941DA200A45E21 /* StockQuote.swift */ = {isa = PBXFileReference; lastKnownFileType = sourcecode.swift; path = StockQuote.swift; sourceTree = "<group>"; };
		24D685AC2092E33C00A6DB35 /* Stox.app */ = {isa = PBXFileReference; explicitFileType = wrapper.application; includeInIndex = 0; path = Stox.app; sourceTree = BUILT_PRODUCTS_DIR; };
		24D685AF2092E33C00A6DB35 /* AppDelegate.swift */ = {isa = PBXFileReference; lastKnownFileType = sourcecode.swift; path = AppDelegate.swift; sourceTree = "<group>"; };
		24D685B42092E33C00A6DB35 /* Base */ = {isa = PBXFileReference; lastKnownFileType = file.storyboard; name = Base; path = Base.lproj/Main.storyboard; sourceTree = "<group>"; };
		24D685B92092E34400A6DB35 /* Assets.xcassets */ = {isa = PBXFileReference; lastKnownFileType = folder.assetcatalog; path = Assets.xcassets; sourceTree = "<group>"; };
		24D685BC2092E34400A6DB35 /* Base */ = {isa = PBXFileReference; lastKnownFileType = file.storyboard; name = Base; path = Base.lproj/LaunchScreen.storyboard; sourceTree = "<group>"; };
		24D685BE2092E34500A6DB35 /* Info.plist */ = {isa = PBXFileReference; lastKnownFileType = text.plist.xml; path = Info.plist; sourceTree = "<group>"; };
		24D685CE2092E34500A6DB35 /* StoxUITests.xctest */ = {isa = PBXFileReference; explicitFileType = wrapper.cfbundle; includeInIndex = 0; path = StoxUITests.xctest; sourceTree = BUILT_PRODUCTS_DIR; };
		24D685D22092E34500A6DB35 /* StoxUITests.swift */ = {isa = PBXFileReference; lastKnownFileType = sourcecode.swift; path = StoxUITests.swift; sourceTree = "<group>"; };
		24D685D42092E34500A6DB35 /* Info.plist */ = {isa = PBXFileReference; lastKnownFileType = text.plist.xml; path = Info.plist; sourceTree = "<group>"; };
		2F94AD7918043B2CDC88E8A2 /* Pods-Stocks-StoxUITests.debug.xcconfig */ = {isa = PBXFileReference; includeInIndex = 1; lastKnownFileType = text.xcconfig; name = "Pods-Stocks-StoxUITests.debug.xcconfig"; path = "Pods/Target Support Files/Pods-Stocks-StoxUITests/Pods-Stocks-StoxUITests.debug.xcconfig"; sourceTree = "<group>"; };
		42D18BAD858529DC68FE5118 /* Pods-Stox.release.xcconfig */ = {isa = PBXFileReference; includeInIndex = 1; lastKnownFileType = text.xcconfig; name = "Pods-Stox.release.xcconfig"; path = "Pods/Target Support Files/Pods-Stox/Pods-Stox.release.xcconfig"; sourceTree = "<group>"; };
		44A4307CC9AE6E7B036C3469 /* Pods_Stocks_StoxUITests.framework */ = {isa = PBXFileReference; explicitFileType = wrapper.framework; includeInIndex = 0; path = Pods_Stocks_StoxUITests.framework; sourceTree = BUILT_PRODUCTS_DIR; };
		477F898F8EBF0F1ACA04371C /* Pods-Stocks-Stox_Unit_Tests.release.xcconfig */ = {isa = PBXFileReference; includeInIndex = 1; lastKnownFileType = text.xcconfig; name = "Pods-Stocks-Stox_Unit_Tests.release.xcconfig"; path = "Pods/Target Support Files/Pods-Stocks-Stox_Unit_Tests/Pods-Stocks-Stox_Unit_Tests.release.xcconfig"; sourceTree = "<group>"; };
		59169A3C3D7331AF8A9F517D /* Pods-Stocks-Stox.release.xcconfig */ = {isa = PBXFileReference; includeInIndex = 1; lastKnownFileType = text.xcconfig; name = "Pods-Stocks-Stox.release.xcconfig"; path = "Pods/Target Support Files/Pods-Stocks-Stox/Pods-Stocks-Stox.release.xcconfig"; sourceTree = "<group>"; };
		6169DE54E30B71B97E0596DC /* Pods_Stox.framework */ = {isa = PBXFileReference; explicitFileType = wrapper.framework; includeInIndex = 0; path = Pods_Stox.framework; sourceTree = BUILT_PRODUCTS_DIR; };
		6B448440821F3DAE57F8F653 /* Pods-Stocks-Stox.debug.xcconfig */ = {isa = PBXFileReference; includeInIndex = 1; lastKnownFileType = text.xcconfig; name = "Pods-Stocks-Stox.debug.xcconfig"; path = "Pods/Target Support Files/Pods-Stocks-Stox/Pods-Stocks-Stox.debug.xcconfig"; sourceTree = "<group>"; };
		86F819C098AE80992054733C /* Pods_StoxUITests.framework */ = {isa = PBXFileReference; explicitFileType = wrapper.framework; includeInIndex = 0; path = Pods_StoxUITests.framework; sourceTree = BUILT_PRODUCTS_DIR; };
		A087A5ECB8BEC031D17AFEDE /* Pods-Stox.debug.xcconfig */ = {isa = PBXFileReference; includeInIndex = 1; lastKnownFileType = text.xcconfig; name = "Pods-Stox.debug.xcconfig"; path = "Pods/Target Support Files/Pods-Stox/Pods-Stox.debug.xcconfig"; sourceTree = "<group>"; };
		AEBFD8A4D6730109BEDAA390 /* Pods-StoxUITests.debug.xcconfig */ = {isa = PBXFileReference; includeInIndex = 1; lastKnownFileType = text.xcconfig; name = "Pods-StoxUITests.debug.xcconfig"; path = "Pods/Target Support Files/Pods-StoxUITests/Pods-StoxUITests.debug.xcconfig"; sourceTree = "<group>"; };
		B466AC33D57019B614390570 /* Pods-Stocks-StoxUITests.release.xcconfig */ = {isa = PBXFileReference; includeInIndex = 1; lastKnownFileType = text.xcconfig; name = "Pods-Stocks-StoxUITests.release.xcconfig"; path = "Pods/Target Support Files/Pods-Stocks-StoxUITests/Pods-Stocks-StoxUITests.release.xcconfig"; sourceTree = "<group>"; };
		C9066D5CE750233BF07BFF94 /* Pods-Stocks-Stox_Unit_Tests.debug.xcconfig */ = {isa = PBXFileReference; includeInIndex = 1; lastKnownFileType = text.xcconfig; name = "Pods-Stocks-Stox_Unit_Tests.debug.xcconfig"; path = "Pods/Target Support Files/Pods-Stocks-Stox_Unit_Tests/Pods-Stocks-Stox_Unit_Tests.debug.xcconfig"; sourceTree = "<group>"; };
		CD0C8082ADA83132E3D54A8C /* Pods-Stox_Unit_Tests.debug.xcconfig */ = {isa = PBXFileReference; includeInIndex = 1; lastKnownFileType = text.xcconfig; name = "Pods-Stox_Unit_Tests.debug.xcconfig"; path = "Pods/Target Support Files/Pods-Stox_Unit_Tests/Pods-Stox_Unit_Tests.debug.xcconfig"; sourceTree = "<group>"; };
		DA7C76BA01F5DC2EA6A2CF1D /* Pods_Stocks_Stox_Unit_Tests.framework */ = {isa = PBXFileReference; explicitFileType = wrapper.framework; includeInIndex = 0; path = Pods_Stocks_Stox_Unit_Tests.framework; sourceTree = BUILT_PRODUCTS_DIR; };
		F3DFFA110471D92FEF133F0E /* Pods-Stox_Unit_Tests.release.xcconfig */ = {isa = PBXFileReference; includeInIndex = 1; lastKnownFileType = text.xcconfig; name = "Pods-Stox_Unit_Tests.release.xcconfig"; path = "Pods/Target Support Files/Pods-Stox_Unit_Tests/Pods-Stox_Unit_Tests.release.xcconfig"; sourceTree = "<group>"; };
		F87B6D481FBB25EAAACFD284 /* Pods-StoxUITests.release.xcconfig */ = {isa = PBXFileReference; includeInIndex = 1; lastKnownFileType = text.xcconfig; name = "Pods-StoxUITests.release.xcconfig"; path = "Pods/Target Support Files/Pods-StoxUITests/Pods-StoxUITests.release.xcconfig"; sourceTree = "<group>"; };
/* End PBXFileReference section */

/* Begin PBXFrameworksBuildPhase section */
		24180CF92095826900116188 /* Frameworks */ = {
			isa = PBXFrameworksBuildPhase;
			buildActionMask = 2147483647;
			files = (
				331E3912C5D737EA70FF67C6 /* Pods_Stocks_Stox_Unit_Tests.framework in Frameworks */,
			);
			runOnlyForDeploymentPostprocessing = 0;
		};
		24D685A92092E33C00A6DB35 /* Frameworks */ = {
			isa = PBXFrameworksBuildPhase;
			buildActionMask = 2147483647;
			files = (
				5C6744E4CA3A6BC2EFFBC051 /* Pods_Stox.framework in Frameworks */,
				8F84B6C0EC6B2F1235289D5E /* Pods_Stocks_Stox.framework in Frameworks */,
			);
			runOnlyForDeploymentPostprocessing = 0;
		};
		24D685CB2092E34500A6DB35 /* Frameworks */ = {
			isa = PBXFrameworksBuildPhase;
			buildActionMask = 2147483647;
			files = (
				24180D1E2095A0F100116188 /* SnapKit.framework in Frameworks */,
				16C8E3C55330C8F4A14FD0AB /* Pods_StoxUITests.framework in Frameworks */,
				C7004BD15ECB7E7464DB6887 /* Pods_Stocks_StoxUITests.framework in Frameworks */,
			);
			runOnlyForDeploymentPostprocessing = 0;
		};
/* End PBXFrameworksBuildPhase section */

/* Begin PBXGroup section */
		24180CE22094418300116188 /* Model */ = {
			isa = PBXGroup;
			children = (
				242AEF7520941DA200A45E21 /* StockQuote.swift */,
				24180CF420957F2600116188 /* StockQuotes.swift */,
			);
			path = Model;
			sourceTree = "<group>";
		};
		24180CE32095550100116188 /* Utility */ = {
			isa = PBXGroup;
			children = (
				24180CE62095591400116188 /* UIColor+customTheme.swift */,
			);
			path = Utility;
			sourceTree = "<group>";
		};
		24180CF32095703400116188 /* Controller */ = {
			isa = PBXGroup;
			children = (
				24180CE42095577E00116188 /* StockController.swift */,
				24180CEB20955E8F00116188 /* DetailController.swift */,
			);
			path = Controller;
			sourceTree = "<group>";
		};
		24180CFD2095826900116188 /* Stox_Unit_Tests */ = {
			isa = PBXGroup;
			children = (
				24180CFE2095826900116188 /* Stox_Unit_Tests.swift */,
				24180D002095826900116188 /* Info.plist */,
			);
			path = Stox_Unit_Tests;
			sourceTree = "<group>";
		};
		24180D0E209594E300116188 /* View */ = {
			isa = PBXGroup;
			children = (
				24180D0A2095903800116188 /* StockCell.swift */,
			);
			path = View;
			sourceTree = "<group>";
		};
		24180D0F209594F300116188 /* Resources */ = {
			isa = PBXGroup;
			children = (
				24180D2C20963C0300116188 /* Stox.xcdatamodeld */,
				24D685B32092E33C00A6DB35 /* Main.storyboard */,
				24D685BB2092E34400A6DB35 /* LaunchScreen.storyboard */,
				24D685BE2092E34500A6DB35 /* Info.plist */,
			);
			path = Resources;
			sourceTree = "<group>";
		};
		24180D3120963E0700116188 /* Network */ = {
			isa = PBXGroup;
			children = (
				24180D3220963F1D00116188 /* MockHTTPClient.swift */,
				24180D362096413400116188 /* stockQuote.json */,
				24180D3E2096524300116188 /* URLSessionDataTaskProtocol.swift */,
				24180D422096526400116188 /* URLSessionProtocol.swift */,
				24180D462096527A00116188 /* MockSession.swift */,
				24180D4E209652A500116188 /* MockDataTask.swift */,
				24180D52209653AB00116188 /* HTTPClient.swift */,
			);
			path = Network;
			sourceTree = "<group>";
		};
		24D685A32092E33C00A6DB35 = {
			isa = PBXGroup;
			children = (
				24D685AE2092E33C00A6DB35 /* Stox */,
				24D685D12092E34500A6DB35 /* StoxUITests */,
				24180CFD2095826900116188 /* Stox_Unit_Tests */,
				24D685AD2092E33C00A6DB35 /* Products */,
				EE6246EA2D152AEF9FA41694 /* Frameworks */,
				B4FC01A4BA85AC777916D913 /* Pods */,
			);
			sourceTree = "<group>";
		};
		24D685AD2092E33C00A6DB35 /* Products */ = {
			isa = PBXGroup;
			children = (
				24D685AC2092E33C00A6DB35 /* Stox.app */,
				24D685CE2092E34500A6DB35 /* StoxUITests.xctest */,
				24180CFC2095826900116188 /* Stox_Unit_Tests.xctest */,
			);
			name = Products;
			sourceTree = "<group>";
		};
		24D685AE2092E33C00A6DB35 /* Stox */ = {
			isa = PBXGroup;
			children = (
				24180D3120963E0700116188 /* Network */,
				24180D0F209594F300116188 /* Resources */,
				24180D0E209594E300116188 /* View */,
				24180CF32095703400116188 /* Controller */,
				24180CE32095550100116188 /* Utility */,
				24180CE22094418300116188 /* Model */,
				24D685AF2092E33C00A6DB35 /* AppDelegate.swift */,
				24D685B92092E34400A6DB35 /* Assets.xcassets */,
			);
			path = Stox;
			sourceTree = "<group>";
		};
		24D685D12092E34500A6DB35 /* StoxUITests */ = {
			isa = PBXGroup;
			children = (
				24D685D22092E34500A6DB35 /* StoxUITests.swift */,
				24D685D42092E34500A6DB35 /* Info.plist */,
			);
			path = StoxUITests;
			sourceTree = "<group>";
		};
		B4FC01A4BA85AC777916D913 /* Pods */ = {
			isa = PBXGroup;
			children = (
				A087A5ECB8BEC031D17AFEDE /* Pods-Stox.debug.xcconfig */,
				42D18BAD858529DC68FE5118 /* Pods-Stox.release.xcconfig */,
				AEBFD8A4D6730109BEDAA390 /* Pods-StoxUITests.debug.xcconfig */,
				F87B6D481FBB25EAAACFD284 /* Pods-StoxUITests.release.xcconfig */,
				CD0C8082ADA83132E3D54A8C /* Pods-Stox_Unit_Tests.debug.xcconfig */,
				F3DFFA110471D92FEF133F0E /* Pods-Stox_Unit_Tests.release.xcconfig */,
				6B448440821F3DAE57F8F653 /* Pods-Stocks-Stox.debug.xcconfig */,
				59169A3C3D7331AF8A9F517D /* Pods-Stocks-Stox.release.xcconfig */,
				2F94AD7918043B2CDC88E8A2 /* Pods-Stocks-StoxUITests.debug.xcconfig */,
				B466AC33D57019B614390570 /* Pods-Stocks-StoxUITests.release.xcconfig */,
				C9066D5CE750233BF07BFF94 /* Pods-Stocks-Stox_Unit_Tests.debug.xcconfig */,
				477F898F8EBF0F1ACA04371C /* Pods-Stocks-Stox_Unit_Tests.release.xcconfig */,
			);
			name = Pods;
			sourceTree = "<group>";
		};
		EE6246EA2D152AEF9FA41694 /* Frameworks */ = {
			isa = PBXGroup;
			children = (
				24180D1F2095A0F700116188 /* SnapKit.framework */,
				24180D1D2095A0F100116188 /* SnapKit.framework */,
				24180D1B2095A0E500116188 /* SnapKit.framework */,
				6169DE54E30B71B97E0596DC /* Pods_Stox.framework */,
				86F819C098AE80992054733C /* Pods_StoxUITests.framework */,
				13E41DA57FE7AB47836A9CC4 /* Pods_Stox_Unit_Tests.framework */,
				124ADDA91E7A2C3A7A28FC21 /* Pods_Stocks_Stox.framework */,
				44A4307CC9AE6E7B036C3469 /* Pods_Stocks_StoxUITests.framework */,
				DA7C76BA01F5DC2EA6A2CF1D /* Pods_Stocks_Stox_Unit_Tests.framework */,
			);
			name = Frameworks;
			sourceTree = "<group>";
		};
/* End PBXGroup section */

/* Begin PBXNativeTarget section */
		24180CFB2095826900116188 /* Stox_Unit_Tests */ = {
			isa = PBXNativeTarget;
			buildConfigurationList = 24180D032095826900116188 /* Build configuration list for PBXNativeTarget "Stox_Unit_Tests" */;
			buildPhases = (
				7EB8F802D566AABD9C96106B /* [CP] Check Pods Manifest.lock */,
				24180CF82095826900116188 /* Sources */,
				24180CF92095826900116188 /* Frameworks */,
				24180CFA2095826900116188 /* Resources */,
				4E8361B09272F1730D9C59C4 /* [CP] Embed Pods Frameworks */,
			);
			buildRules = (
			);
			dependencies = (
				24180D022095826900116188 /* PBXTargetDependency */,
			);
			name = Stox_Unit_Tests;
			productName = Stox_Unit_Tests;
			productReference = 24180CFC2095826900116188 /* Stox_Unit_Tests.xctest */;
			productType = "com.apple.product-type.bundle.unit-test";
		};
		24D685AB2092E33C00A6DB35 /* Stox */ = {
			isa = PBXNativeTarget;
			buildConfigurationList = 24D685D72092E34500A6DB35 /* Build configuration list for PBXNativeTarget "Stox" */;
			buildPhases = (
				6D02E2B9F4690BCD5260680A /* [CP] Check Pods Manifest.lock */,
				24D685A82092E33C00A6DB35 /* Sources */,
				24D685A92092E33C00A6DB35 /* Frameworks */,
				24D685AA2092E33C00A6DB35 /* Resources */,
				4EE04E095202267B094E931F /* [CP] Embed Pods Frameworks */,
			);
			buildRules = (
			);
			dependencies = (
			);
			name = Stox;
			productName = Stox;
			productReference = 24D685AC2092E33C00A6DB35 /* Stox.app */;
			productType = "com.apple.product-type.application";
		};
		24D685CD2092E34500A6DB35 /* StoxUITests */ = {
			isa = PBXNativeTarget;
			buildConfigurationList = 24D685DD2092E34500A6DB35 /* Build configuration list for PBXNativeTarget "StoxUITests" */;
			buildPhases = (
				F53CEE863A8CEBEC342AA0BB /* [CP] Check Pods Manifest.lock */,
				24D685CA2092E34500A6DB35 /* Sources */,
				24D685CB2092E34500A6DB35 /* Frameworks */,
				24D685CC2092E34500A6DB35 /* Resources */,
				1889D78C7FEC22388D1510F1 /* [CP] Embed Pods Frameworks */,
			);
			buildRules = (
			);
			dependencies = (
				24D685D02092E34500A6DB35 /* PBXTargetDependency */,
			);
			name = StoxUITests;
			productName = StoxUITests;
			productReference = 24D685CE2092E34500A6DB35 /* StoxUITests.xctest */;
			productType = "com.apple.product-type.bundle.ui-testing";
		};
/* End PBXNativeTarget section */

/* Begin PBXProject section */
		24D685A42092E33C00A6DB35 /* Project object */ = {
			isa = PBXProject;
			attributes = {
				LastSwiftUpdateCheck = 0930;
				LastUpgradeCheck = 0930;
				ORGANIZATIONNAME = Lithogen;
				TargetAttributes = {
					24180CFB2095826900116188 = {
						CreatedOnToolsVersion = 9.3;
						TestTargetID = 24D685AB2092E33C00A6DB35;
					};
					24D685AB2092E33C00A6DB35 = {
						CreatedOnToolsVersion = 9.3;
					};
					24D685CD2092E34500A6DB35 = {
						CreatedOnToolsVersion = 9.3;
						TestTargetID = 24D685AB2092E33C00A6DB35;
					};
				};
			};
			buildConfigurationList = 24D685A72092E33C00A6DB35 /* Build configuration list for PBXProject "Stox" */;
			compatibilityVersion = "Xcode 9.3";
			developmentRegion = en;
			hasScannedForEncodings = 0;
			knownRegions = (
				en,
				Base,
			);
			mainGroup = 24D685A32092E33C00A6DB35;
			productRefGroup = 24D685AD2092E33C00A6DB35 /* Products */;
			projectDirPath = "";
			projectRoot = "";
			targets = (
				24D685AB2092E33C00A6DB35 /* Stox */,
				24D685CD2092E34500A6DB35 /* StoxUITests */,
				24180CFB2095826900116188 /* Stox_Unit_Tests */,
			);
		};
/* End PBXProject section */

/* Begin PBXResourcesBuildPhase section */
		24180CFA2095826900116188 /* Resources */ = {
			isa = PBXResourcesBuildPhase;
			buildActionMask = 2147483647;
			files = (
				24180D392096413400116188 /* stockQuote.json in Resources */,
			);
			runOnlyForDeploymentPostprocessing = 0;
		};
		24D685AA2092E33C00A6DB35 /* Resources */ = {
			isa = PBXResourcesBuildPhase;
			buildActionMask = 2147483647;
			files = (
				24D685BD2092E34400A6DB35 /* LaunchScreen.storyboard in Resources */,
				24D685BA2092E34400A6DB35 /* Assets.xcassets in Resources */,
				24180D372096413400116188 /* stockQuote.json in Resources */,
				24D685B52092E33C00A6DB35 /* Main.storyboard in Resources */,
			);
			runOnlyForDeploymentPostprocessing = 0;
		};
		24D685CC2092E34500A6DB35 /* Resources */ = {
			isa = PBXResourcesBuildPhase;
			buildActionMask = 2147483647;
			files = (
				24180D382096413400116188 /* stockQuote.json in Resources */,
			);
			runOnlyForDeploymentPostprocessing = 0;
		};
/* End PBXResourcesBuildPhase section */

/* Begin PBXShellScriptBuildPhase section */
		1889D78C7FEC22388D1510F1 /* [CP] Embed Pods Frameworks */ = {
			isa = PBXShellScriptBuildPhase;
			buildActionMask = 2147483647;
			files = (
			);
			inputPaths = (
				"${SRCROOT}/Pods/Target Support Files/Pods-Stocks-StoxUITests/Pods-Stocks-StoxUITests-frameworks.sh",
				"${BUILT_PRODUCTS_DIR}/Alamofire/Alamofire.framework",
				"${BUILT_PRODUCTS_DIR}/Charts/Charts.framework",
				"${BUILT_PRODUCTS_DIR}/Mockingjay/Mockingjay.framework",
				"${BUILT_PRODUCTS_DIR}/PINCache/PINCache.framework",
				"${BUILT_PRODUCTS_DIR}/PINOperation/PINOperation.framework",
				"${BUILT_PRODUCTS_DIR}/PINRemoteImage/PINRemoteImage.framework",
				"${BUILT_PRODUCTS_DIR}/SnapKit/SnapKit.framework",
				"${BUILT_PRODUCTS_DIR}/Texture/AsyncDisplayKit.framework",
				"${BUILT_PRODUCTS_DIR}/URITemplate/URITemplate.framework",
			);
			name = "[CP] Embed Pods Frameworks";
			outputPaths = (
				"${TARGET_BUILD_DIR}/${FRAMEWORKS_FOLDER_PATH}/Alamofire.framework",
				"${TARGET_BUILD_DIR}/${FRAMEWORKS_FOLDER_PATH}/Charts.framework",
				"${TARGET_BUILD_DIR}/${FRAMEWORKS_FOLDER_PATH}/Mockingjay.framework",
				"${TARGET_BUILD_DIR}/${FRAMEWORKS_FOLDER_PATH}/PINCache.framework",
				"${TARGET_BUILD_DIR}/${FRAMEWORKS_FOLDER_PATH}/PINOperation.framework",
				"${TARGET_BUILD_DIR}/${FRAMEWORKS_FOLDER_PATH}/PINRemoteImage.framework",
				"${TARGET_BUILD_DIR}/${FRAMEWORKS_FOLDER_PATH}/SnapKit.framework",
				"${TARGET_BUILD_DIR}/${FRAMEWORKS_FOLDER_PATH}/AsyncDisplayKit.framework",
				"${TARGET_BUILD_DIR}/${FRAMEWORKS_FOLDER_PATH}/URITemplate.framework",
			);
			runOnlyForDeploymentPostprocessing = 0;
			shellPath = /bin/sh;
			shellScript = "\"${SRCROOT}/Pods/Target Support Files/Pods-Stocks-StoxUITests/Pods-Stocks-StoxUITests-frameworks.sh\"\n";
			showEnvVarsInLog = 0;
		};
		4E8361B09272F1730D9C59C4 /* [CP] Embed Pods Frameworks */ = {
			isa = PBXShellScriptBuildPhase;
			buildActionMask = 2147483647;
			files = (
			);
			inputPaths = (
				"${SRCROOT}/Pods/Target Support Files/Pods-Stocks-Stox_Unit_Tests/Pods-Stocks-Stox_Unit_Tests-frameworks.sh",
				"${BUILT_PRODUCTS_DIR}/Alamofire/Alamofire.framework",
				"${BUILT_PRODUCTS_DIR}/Charts/Charts.framework",
				"${BUILT_PRODUCTS_DIR}/Mockingjay/Mockingjay.framework",
				"${BUILT_PRODUCTS_DIR}/PINCache/PINCache.framework",
				"${BUILT_PRODUCTS_DIR}/PINOperation/PINOperation.framework",
				"${BUILT_PRODUCTS_DIR}/PINRemoteImage/PINRemoteImage.framework",
				"${BUILT_PRODUCTS_DIR}/SnapKit/SnapKit.framework",
				"${BUILT_PRODUCTS_DIR}/Texture/AsyncDisplayKit.framework",
				"${BUILT_PRODUCTS_DIR}/URITemplate/URITemplate.framework",
			);
			name = "[CP] Embed Pods Frameworks";
			outputPaths = (
				"${TARGET_BUILD_DIR}/${FRAMEWORKS_FOLDER_PATH}/Alamofire.framework",
				"${TARGET_BUILD_DIR}/${FRAMEWORKS_FOLDER_PATH}/Charts.framework",
				"${TARGET_BUILD_DIR}/${FRAMEWORKS_FOLDER_PATH}/Mockingjay.framework",
				"${TARGET_BUILD_DIR}/${FRAMEWORKS_FOLDER_PATH}/PINCache.framework",
				"${TARGET_BUILD_DIR}/${FRAMEWORKS_FOLDER_PATH}/PINOperation.framework",
				"${TARGET_BUILD_DIR}/${FRAMEWORKS_FOLDER_PATH}/PINRemoteImage.framework",
				"${TARGET_BUILD_DIR}/${FRAMEWORKS_FOLDER_PATH}/SnapKit.framework",
				"${TARGET_BUILD_DIR}/${FRAMEWORKS_FOLDER_PATH}/AsyncDisplayKit.framework",
				"${TARGET_BUILD_DIR}/${FRAMEWORKS_FOLDER_PATH}/URITemplate.framework",
			);
			runOnlyForDeploymentPostprocessing = 0;
			shellPath = /bin/sh;
			shellScript = "\"${SRCROOT}/Pods/Target Support Files/Pods-Stocks-Stox_Unit_Tests/Pods-Stocks-Stox_Unit_Tests-frameworks.sh\"\n";
			showEnvVarsInLog = 0;
		};
		4EE04E095202267B094E931F /* [CP] Embed Pods Frameworks */ = {
			isa = PBXShellScriptBuildPhase;
			buildActionMask = 2147483647;
			files = (
			);
			inputPaths = (
				"${SRCROOT}/Pods/Target Support Files/Pods-Stocks-Stox/Pods-Stocks-Stox-frameworks.sh",
				"${BUILT_PRODUCTS_DIR}/Alamofire/Alamofire.framework",
				"${BUILT_PRODUCTS_DIR}/Charts/Charts.framework",
				"${BUILT_PRODUCTS_DIR}/Mockingjay/Mockingjay.framework",
				"${BUILT_PRODUCTS_DIR}/PINCache/PINCache.framework",
				"${BUILT_PRODUCTS_DIR}/PINOperation/PINOperation.framework",
				"${BUILT_PRODUCTS_DIR}/PINRemoteImage/PINRemoteImage.framework",
				"${BUILT_PRODUCTS_DIR}/SnapKit/SnapKit.framework",
				"${BUILT_PRODUCTS_DIR}/Texture/AsyncDisplayKit.framework",
				"${BUILT_PRODUCTS_DIR}/URITemplate/URITemplate.framework",
			);
			name = "[CP] Embed Pods Frameworks";
			outputPaths = (
				"${TARGET_BUILD_DIR}/${FRAMEWORKS_FOLDER_PATH}/Alamofire.framework",
				"${TARGET_BUILD_DIR}/${FRAMEWORKS_FOLDER_PATH}/Charts.framework",
				"${TARGET_BUILD_DIR}/${FRAMEWORKS_FOLDER_PATH}/Mockingjay.framework",
				"${TARGET_BUILD_DIR}/${FRAMEWORKS_FOLDER_PATH}/PINCache.framework",
				"${TARGET_BUILD_DIR}/${FRAMEWORKS_FOLDER_PATH}/PINOperation.framework",
				"${TARGET_BUILD_DIR}/${FRAMEWORKS_FOLDER_PATH}/PINRemoteImage.framework",
				"${TARGET_BUILD_DIR}/${FRAMEWORKS_FOLDER_PATH}/SnapKit.framework",
				"${TARGET_BUILD_DIR}/${FRAMEWORKS_FOLDER_PATH}/AsyncDisplayKit.framework",
				"${TARGET_BUILD_DIR}/${FRAMEWORKS_FOLDER_PATH}/URITemplate.framework",
			);
			runOnlyForDeploymentPostprocessing = 0;
			shellPath = /bin/sh;
			shellScript = "\"${SRCROOT}/Pods/Target Support Files/Pods-Stocks-Stox/Pods-Stocks-Stox-frameworks.sh\"\n";
			showEnvVarsInLog = 0;
		};
		6D02E2B9F4690BCD5260680A /* [CP] Check Pods Manifest.lock */ = {
			isa = PBXShellScriptBuildPhase;
			buildActionMask = 2147483647;
			files = (
			);
			inputPaths = (
				"${PODS_PODFILE_DIR_PATH}/Podfile.lock",
				"${PODS_ROOT}/Manifest.lock",
			);
			name = "[CP] Check Pods Manifest.lock";
			outputPaths = (
				"$(DERIVED_FILE_DIR)/Pods-Stocks-Stox-checkManifestLockResult.txt",
			);
			runOnlyForDeploymentPostprocessing = 0;
			shellPath = /bin/sh;
			shellScript = "diff \"${PODS_PODFILE_DIR_PATH}/Podfile.lock\" \"${PODS_ROOT}/Manifest.lock\" > /dev/null\nif [ $? != 0 ] ; then\n    # print error to STDERR\n    echo \"error: The sandbox is not in sync with the Podfile.lock. Run 'pod install' or update your CocoaPods installation.\" >&2\n    exit 1\nfi\n# This output is used by Xcode 'outputs' to avoid re-running this script phase.\necho \"SUCCESS\" > \"${SCRIPT_OUTPUT_FILE_0}\"\n";
			showEnvVarsInLog = 0;
		};
		7EB8F802D566AABD9C96106B /* [CP] Check Pods Manifest.lock */ = {
			isa = PBXShellScriptBuildPhase;
			buildActionMask = 2147483647;
			files = (
			);
			inputPaths = (
				"${PODS_PODFILE_DIR_PATH}/Podfile.lock",
				"${PODS_ROOT}/Manifest.lock",
			);
			name = "[CP] Check Pods Manifest.lock";
			outputPaths = (
				"$(DERIVED_FILE_DIR)/Pods-Stocks-Stox_Unit_Tests-checkManifestLockResult.txt",
			);
			runOnlyForDeploymentPostprocessing = 0;
			shellPath = /bin/sh;
			shellScript = "diff \"${PODS_PODFILE_DIR_PATH}/Podfile.lock\" \"${PODS_ROOT}/Manifest.lock\" > /dev/null\nif [ $? != 0 ] ; then\n    # print error to STDERR\n    echo \"error: The sandbox is not in sync with the Podfile.lock. Run 'pod install' or update your CocoaPods installation.\" >&2\n    exit 1\nfi\n# This output is used by Xcode 'outputs' to avoid re-running this script phase.\necho \"SUCCESS\" > \"${SCRIPT_OUTPUT_FILE_0}\"\n";
			showEnvVarsInLog = 0;
		};
		F53CEE863A8CEBEC342AA0BB /* [CP] Check Pods Manifest.lock */ = {
			isa = PBXShellScriptBuildPhase;
			buildActionMask = 2147483647;
			files = (
			);
			inputPaths = (
				"${PODS_PODFILE_DIR_PATH}/Podfile.lock",
				"${PODS_ROOT}/Manifest.lock",
			);
			name = "[CP] Check Pods Manifest.lock";
			outputPaths = (
				"$(DERIVED_FILE_DIR)/Pods-Stocks-StoxUITests-checkManifestLockResult.txt",
			);
			runOnlyForDeploymentPostprocessing = 0;
			shellPath = /bin/sh;
			shellScript = "diff \"${PODS_PODFILE_DIR_PATH}/Podfile.lock\" \"${PODS_ROOT}/Manifest.lock\" > /dev/null\nif [ $? != 0 ] ; then\n    # print error to STDERR\n    echo \"error: The sandbox is not in sync with the Podfile.lock. Run 'pod install' or update your CocoaPods installation.\" >&2\n    exit 1\nfi\n# This output is used by Xcode 'outputs' to avoid re-running this script phase.\necho \"SUCCESS\" > \"${SCRIPT_OUTPUT_FILE_0}\"\n";
			showEnvVarsInLog = 0;
		};
/* End PBXShellScriptBuildPhase section */

/* Begin PBXSourcesBuildPhase section */
		24180CF82095826900116188 /* Sources */ = {
			isa = PBXSourcesBuildPhase;
			buildActionMask = 2147483647;
			files = (
				24180D0D2095903800116188 /* StockCell.swift in Sources */,
				24180D3020963C0300116188 /* Stox.xcdatamodeld in Sources */,
				24180D3520963F1D00116188 /* MockHTTPClient.swift in Sources */,
				24180CFF2095826900116188 /* Stox_Unit_Tests.swift in Sources */,
				24180D452096526400116188 /* URLSessionProtocol.swift in Sources */,
				24180D412096524300116188 /* URLSessionDataTaskProtocol.swift in Sources */,
				24180D55209653AB00116188 /* HTTPClient.swift in Sources */,
				24180D492096527A00116188 /* MockSession.swift in Sources */,
				24180D222096163700116188 /* UIColor+customTheme.swift in Sources */,
				24180D51209652A500116188 /* MockDataTask.swift in Sources */,
				24180D212096153900116188 /* StockQuote.swift in Sources */,
			);
			runOnlyForDeploymentPostprocessing = 0;
		};
		24D685A82092E33C00A6DB35 /* Sources */ = {
			isa = PBXSourcesBuildPhase;
			buildActionMask = 2147483647;
			files = (
				24180CF520957F2600116188 /* StockQuotes.swift in Sources */,
				24180CEC20955E8F00116188 /* DetailController.swift in Sources */,
				24180D3320963F1D00116188 /* MockHTTPClient.swift in Sources */,
				242AEF7620941DA200A45E21 /* StockQuote.swift in Sources */,
				24180D4F209652A500116188 /* MockDataTask.swift in Sources */,
				24180D3F2096524300116188 /* URLSessionDataTaskProtocol.swift in Sources */,
				24180D432096526400116188 /* URLSessionProtocol.swift in Sources */,
				24180D472096527A00116188 /* MockSession.swift in Sources */,
				24180CE52095577E00116188 /* StockController.swift in Sources */,
				24180D2E20963C0300116188 /* Stox.xcdatamodeld in Sources */,
				24180D53209653AB00116188 /* HTTPClient.swift in Sources */,
				24180CE72095591400116188 /* UIColor+customTheme.swift in Sources */,
				24180D0B2095903800116188 /* StockCell.swift in Sources */,
				24D685B02092E33C00A6DB35 /* AppDelegate.swift in Sources */,
			);
			runOnlyForDeploymentPostprocessing = 0;
		};
		24D685CA2092E34500A6DB35 /* Sources */ = {
			isa = PBXSourcesBuildPhase;
			buildActionMask = 2147483647;
			files = (
				24180D442096526400116188 /* URLSessionProtocol.swift in Sources */,
				24180D3420963F1D00116188 /* MockHTTPClient.swift in Sources */,
				24180D54209653AB00116188 /* HTTPClient.swift in Sources */,
				24180D232096163800116188 /* UIColor+customTheme.swift in Sources */,
				24180D402096524300116188 /* URLSessionDataTaskProtocol.swift in Sources */,
				24180D50209652A500116188 /* MockDataTask.swift in Sources */,
				24180D482096527A00116188 /* MockSession.swift in Sources */,
				24180D1A20959FCF00116188 /* StockQuote.swift in Sources */,
				24180CF720957F2600116188 /* StockQuotes.swift in Sources */,
				24180CEE20955E8F00116188 /* DetailController.swift in Sources */,
				24180D0C2095903800116188 /* StockCell.swift in Sources */,
				24D685D32092E34500A6DB35 /* StoxUITests.swift in Sources */,
				24180D2F20963C0300116188 /* Stox.xcdatamodeld in Sources */,
			);
			runOnlyForDeploymentPostprocessing = 0;
		};
/* End PBXSourcesBuildPhase section */

/* Begin PBXTargetDependency section */
		24180D022095826900116188 /* PBXTargetDependency */ = {
			isa = PBXTargetDependency;
			target = 24D685AB2092E33C00A6DB35 /* Stox */;
			targetProxy = 24180D012095826900116188 /* PBXContainerItemProxy */;
		};
		24D685D02092E34500A6DB35 /* PBXTargetDependency */ = {
			isa = PBXTargetDependency;
			target = 24D685AB2092E33C00A6DB35 /* Stox */;
			targetProxy = 24D685CF2092E34500A6DB35 /* PBXContainerItemProxy */;
		};
/* End PBXTargetDependency section */

/* Begin PBXVariantGroup section */
		24D685B32092E33C00A6DB35 /* Main.storyboard */ = {
			isa = PBXVariantGroup;
			children = (
				24D685B42092E33C00A6DB35 /* Base */,
			);
			name = Main.storyboard;
			sourceTree = "<group>";
		};
		24D685BB2092E34400A6DB35 /* LaunchScreen.storyboard */ = {
			isa = PBXVariantGroup;
			children = (
				24D685BC2092E34400A6DB35 /* Base */,
			);
			name = LaunchScreen.storyboard;
			sourceTree = "<group>";
		};
/* End PBXVariantGroup section */

/* Begin XCBuildConfiguration section */
		24180D042095826900116188 /* Debug */ = {
			isa = XCBuildConfiguration;
			baseConfigurationReference = C9066D5CE750233BF07BFF94 /* Pods-Stocks-Stox_Unit_Tests.debug.xcconfig */;
			buildSettings = {
				ALWAYS_EMBED_SWIFT_STANDARD_LIBRARIES = "$(inherited)";
				BUNDLE_LOADER = "$(TEST_HOST)";
				CODE_SIGN_STYLE = Automatic;
				DEVELOPMENT_TEAM = C4588H2WW4;
				INFOPLIST_FILE = Stox_Unit_Tests/Info.plist;
				LD_RUNPATH_SEARCH_PATHS = (
					"$(inherited)",
					"@executable_path/Frameworks",
					"@loader_path/Frameworks",
				);
				PRODUCT_BUNDLE_IDENTIFIER = "com.Lithogen.Stox-Unit-Tests";
				PRODUCT_NAME = "$(TARGET_NAME)";
				SWIFT_VERSION = 4.0;
				TARGETED_DEVICE_FAMILY = "1,2";
				TEST_HOST = "$(BUILT_PRODUCTS_DIR)/Stox.app/Stox";
			};
			name = Debug;
		};
		24180D052095826900116188 /* Release */ = {
			isa = XCBuildConfiguration;
			baseConfigurationReference = 477F898F8EBF0F1ACA04371C /* Pods-Stocks-Stox_Unit_Tests.release.xcconfig */;
			buildSettings = {
				ALWAYS_EMBED_SWIFT_STANDARD_LIBRARIES = "$(inherited)";
				BUNDLE_LOADER = "$(TEST_HOST)";
				CODE_SIGN_STYLE = Automatic;
				DEVELOPMENT_TEAM = C4588H2WW4;
				INFOPLIST_FILE = Stox_Unit_Tests/Info.plist;
				LD_RUNPATH_SEARCH_PATHS = (
					"$(inherited)",
					"@executable_path/Frameworks",
					"@loader_path/Frameworks",
				);
				PRODUCT_BUNDLE_IDENTIFIER = "com.Lithogen.Stox-Unit-Tests";
				PRODUCT_NAME = "$(TARGET_NAME)";
				SWIFT_VERSION = 4.0;
				TARGETED_DEVICE_FAMILY = "1,2";
				TEST_HOST = "$(BUILT_PRODUCTS_DIR)/Stox.app/Stox";
			};
			name = Release;
		};
		24D685D52092E34500A6DB35 /* Debug */ = {
			isa = XCBuildConfiguration;
			buildSettings = {
				ALWAYS_SEARCH_USER_PATHS = NO;
				CLANG_ANALYZER_NONNULL = YES;
				CLANG_ANALYZER_NUMBER_OBJECT_CONVERSION = YES_AGGRESSIVE;
				CLANG_CXX_LANGUAGE_STANDARD = "gnu++14";
				CLANG_CXX_LIBRARY = "libc++";
				CLANG_ENABLE_MODULES = YES;
				CLANG_ENABLE_OBJC_ARC = YES;
				CLANG_ENABLE_OBJC_WEAK = YES;
				CLANG_WARN_BLOCK_CAPTURE_AUTORELEASING = YES;
				CLANG_WARN_BOOL_CONVERSION = YES;
				CLANG_WARN_COMMA = YES;
				CLANG_WARN_CONSTANT_CONVERSION = YES;
				CLANG_WARN_DEPRECATED_OBJC_IMPLEMENTATIONS = YES;
				CLANG_WARN_DIRECT_OBJC_ISA_USAGE = YES_ERROR;
				CLANG_WARN_DOCUMENTATION_COMMENTS = YES;
				CLANG_WARN_EMPTY_BODY = YES;
				CLANG_WARN_ENUM_CONVERSION = YES;
				CLANG_WARN_INFINITE_RECURSION = YES;
				CLANG_WARN_INT_CONVERSION = YES;
				CLANG_WARN_NON_LITERAL_NULL_CONVERSION = YES;
				CLANG_WARN_OBJC_IMPLICIT_RETAIN_SELF = YES;
				CLANG_WARN_OBJC_LITERAL_CONVERSION = YES;
				CLANG_WARN_OBJC_ROOT_CLASS = YES_ERROR;
				CLANG_WARN_RANGE_LOOP_ANALYSIS = YES;
				CLANG_WARN_STRICT_PROTOTYPES = YES;
				CLANG_WARN_SUSPICIOUS_MOVE = YES;
				CLANG_WARN_UNGUARDED_AVAILABILITY = YES_AGGRESSIVE;
				CLANG_WARN_UNREACHABLE_CODE = YES;
				CLANG_WARN__DUPLICATE_METHOD_MATCH = YES;
				CODE_SIGN_IDENTITY = "iPhone Developer";
				COPY_PHASE_STRIP = NO;
				DEBUG_INFORMATION_FORMAT = dwarf;
				ENABLE_STRICT_OBJC_MSGSEND = YES;
				ENABLE_TESTABILITY = YES;
				GCC_C_LANGUAGE_STANDARD = gnu11;
				GCC_DYNAMIC_NO_PIC = NO;
				GCC_NO_COMMON_BLOCKS = YES;
				GCC_OPTIMIZATION_LEVEL = 0;
				GCC_PREPROCESSOR_DEFINITIONS = (
					"DEBUG=1",
					"$(inherited)",
				);
				GCC_WARN_64_TO_32_BIT_CONVERSION = YES;
				GCC_WARN_ABOUT_RETURN_TYPE = YES_ERROR;
				GCC_WARN_UNDECLARED_SELECTOR = YES;
				GCC_WARN_UNINITIALIZED_AUTOS = YES_AGGRESSIVE;
				GCC_WARN_UNUSED_FUNCTION = YES;
				GCC_WARN_UNUSED_VARIABLE = YES;
				IPHONEOS_DEPLOYMENT_TARGET = 11.3;
				MTL_ENABLE_DEBUG_INFO = YES;
				ONLY_ACTIVE_ARCH = YES;
				SDKROOT = iphoneos;
				SWIFT_ACTIVE_COMPILATION_CONDITIONS = DEBUG;
				SWIFT_OPTIMIZATION_LEVEL = "-Onone";
			};
			name = Debug;
		};
		24D685D62092E34500A6DB35 /* Release */ = {
			isa = XCBuildConfiguration;
			buildSettings = {
				ALWAYS_SEARCH_USER_PATHS = NO;
				CLANG_ANALYZER_NONNULL = YES;
				CLANG_ANALYZER_NUMBER_OBJECT_CONVERSION = YES_AGGRESSIVE;
				CLANG_CXX_LANGUAGE_STANDARD = "gnu++14";
				CLANG_CXX_LIBRARY = "libc++";
				CLANG_ENABLE_MODULES = YES;
				CLANG_ENABLE_OBJC_ARC = YES;
				CLANG_ENABLE_OBJC_WEAK = YES;
				CLANG_WARN_BLOCK_CAPTURE_AUTORELEASING = YES;
				CLANG_WARN_BOOL_CONVERSION = YES;
				CLANG_WARN_COMMA = YES;
				CLANG_WARN_CONSTANT_CONVERSION = YES;
				CLANG_WARN_DEPRECATED_OBJC_IMPLEMENTATIONS = YES;
				CLANG_WARN_DIRECT_OBJC_ISA_USAGE = YES_ERROR;
				CLANG_WARN_DOCUMENTATION_COMMENTS = YES;
				CLANG_WARN_EMPTY_BODY = YES;
				CLANG_WARN_ENUM_CONVERSION = YES;
				CLANG_WARN_INFINITE_RECURSION = YES;
				CLANG_WARN_INT_CONVERSION = YES;
				CLANG_WARN_NON_LITERAL_NULL_CONVERSION = YES;
				CLANG_WARN_OBJC_IMPLICIT_RETAIN_SELF = YES;
				CLANG_WARN_OBJC_LITERAL_CONVERSION = YES;
				CLANG_WARN_OBJC_ROOT_CLASS = YES_ERROR;
				CLANG_WARN_RANGE_LOOP_ANALYSIS = YES;
				CLANG_WARN_STRICT_PROTOTYPES = YES;
				CLANG_WARN_SUSPICIOUS_MOVE = YES;
				CLANG_WARN_UNGUARDED_AVAILABILITY = YES_AGGRESSIVE;
				CLANG_WARN_UNREACHABLE_CODE = YES;
				CLANG_WARN__DUPLICATE_METHOD_MATCH = YES;
				CODE_SIGN_IDENTITY = "iPhone Developer";
				COPY_PHASE_STRIP = NO;
				DEBUG_INFORMATION_FORMAT = "dwarf-with-dsym";
				ENABLE_NS_ASSERTIONS = NO;
				ENABLE_STRICT_OBJC_MSGSEND = YES;
				GCC_C_LANGUAGE_STANDARD = gnu11;
				GCC_NO_COMMON_BLOCKS = YES;
				GCC_WARN_64_TO_32_BIT_CONVERSION = YES;
				GCC_WARN_ABOUT_RETURN_TYPE = YES_ERROR;
				GCC_WARN_UNDECLARED_SELECTOR = YES;
				GCC_WARN_UNINITIALIZED_AUTOS = YES_AGGRESSIVE;
				GCC_WARN_UNUSED_FUNCTION = YES;
				GCC_WARN_UNUSED_VARIABLE = YES;
				IPHONEOS_DEPLOYMENT_TARGET = 11.3;
				MTL_ENABLE_DEBUG_INFO = NO;
				SDKROOT = iphoneos;
				SWIFT_COMPILATION_MODE = wholemodule;
				SWIFT_OPTIMIZATION_LEVEL = "-O";
				VALIDATE_PRODUCT = YES;
			};
			name = Release;
		};
		24D685D82092E34500A6DB35 /* Debug */ = {
			isa = XCBuildConfiguration;
			baseConfigurationReference = 6B448440821F3DAE57F8F653 /* Pods-Stocks-Stox.debug.xcconfig */;
			buildSettings = {
				ASSETCATALOG_COMPILER_APPICON_NAME = AppIcon;
				CODE_SIGN_STYLE = Automatic;
				DEVELOPMENT_TEAM = C4588H2WW4;
				INFOPLIST_FILE = "$(SRCROOT)/Stox/Resources/Info.plist";
				LD_RUNPATH_SEARCH_PATHS = (
					"$(inherited)",
					"@executable_path/Frameworks",
				);
				PRODUCT_BUNDLE_IDENTIFIER = com.Lithogen.Stox;
				PRODUCT_NAME = "$(TARGET_NAME)";
				SWIFT_VERSION = 4.0;
				TARGETED_DEVICE_FAMILY = "1,2";
			};
			name = Debug;
		};
		24D685D92092E34500A6DB35 /* Release */ = {
			isa = XCBuildConfiguration;
			baseConfigurationReference = 59169A3C3D7331AF8A9F517D /* Pods-Stocks-Stox.release.xcconfig */;
			buildSettings = {
				ASSETCATALOG_COMPILER_APPICON_NAME = AppIcon;
				CODE_SIGN_STYLE = Automatic;
				DEVELOPMENT_TEAM = C4588H2WW4;
				INFOPLIST_FILE = "$(SRCROOT)/Stox/Resources/Info.plist";
				LD_RUNPATH_SEARCH_PATHS = (
					"$(inherited)",
					"@executable_path/Frameworks",
				);
				PRODUCT_BUNDLE_IDENTIFIER = com.Lithogen.Stox;
				PRODUCT_NAME = "$(TARGET_NAME)";
				SWIFT_VERSION = 4.0;
				TARGETED_DEVICE_FAMILY = "1,2";
			};
			name = Release;
		};
		24D685DE2092E34500A6DB35 /* Debug */ = {
			isa = XCBuildConfiguration;
			baseConfigurationReference = 2F94AD7918043B2CDC88E8A2 /* Pods-Stocks-StoxUITests.debug.xcconfig */;
			buildSettings = {
				ALWAYS_EMBED_SWIFT_STANDARD_LIBRARIES = "$(inherited)";
				CODE_SIGN_STYLE = Automatic;
				DEVELOPMENT_TEAM = C4588H2WW4;
				INFOPLIST_FILE = StoxUITests/Info.plist;
				LD_RUNPATH_SEARCH_PATHS = (
					"$(inherited)",
					"@executable_path/Frameworks",
					"@loader_path/Frameworks",
				);
				PRODUCT_BUNDLE_IDENTIFIER = com.Lithogen.StoxUITests;
				PRODUCT_NAME = "$(TARGET_NAME)";
				SWIFT_VERSION = 4.0;
				TARGETED_DEVICE_FAMILY = "1,2";
				TEST_TARGET_NAME = Stox;
			};
			name = Debug;
		};
		24D685DF2092E34500A6DB35 /* Release */ = {
			isa = XCBuildConfiguration;
			baseConfigurationReference = B466AC33D57019B614390570 /* Pods-Stocks-StoxUITests.release.xcconfig */;
			buildSettings = {
				ALWAYS_EMBED_SWIFT_STANDARD_LIBRARIES = "$(inherited)";
				CODE_SIGN_STYLE = Automatic;
				DEVELOPMENT_TEAM = C4588H2WW4;
				INFOPLIST_FILE = StoxUITests/Info.plist;
				LD_RUNPATH_SEARCH_PATHS = (
					"$(inherited)",
					"@executable_path/Frameworks",
					"@loader_path/Frameworks",
				);
				PRODUCT_BUNDLE_IDENTIFIER = com.Lithogen.StoxUITests;
				PRODUCT_NAME = "$(TARGET_NAME)";
				SWIFT_VERSION = 4.0;
				TARGETED_DEVICE_FAMILY = "1,2";
				TEST_TARGET_NAME = Stox;
			};
			name = Release;
		};
/* End XCBuildConfiguration section */

/* Begin XCConfigurationList section */
		24180D032095826900116188 /* Build configuration list for PBXNativeTarget "Stox_Unit_Tests" */ = {
			isa = XCConfigurationList;
			buildConfigurations = (
				24180D042095826900116188 /* Debug */,
				24180D052095826900116188 /* Release */,
			);
			defaultConfigurationIsVisible = 0;
			defaultConfigurationName = Release;
		};
		24D685A72092E33C00A6DB35 /* Build configuration list for PBXProject "Stox" */ = {
			isa = XCConfigurationList;
			buildConfigurations = (
				24D685D52092E34500A6DB35 /* Debug */,
				24D685D62092E34500A6DB35 /* Release */,
			);
			defaultConfigurationIsVisible = 0;
			defaultConfigurationName = Release;
		};
		24D685D72092E34500A6DB35 /* Build configuration list for PBXNativeTarget "Stox" */ = {
			isa = XCConfigurationList;
			buildConfigurations = (
				24D685D82092E34500A6DB35 /* Debug */,
				24D685D92092E34500A6DB35 /* Release */,
			);
			defaultConfigurationIsVisible = 0;
			defaultConfigurationName = Release;
		};
		24D685DD2092E34500A6DB35 /* Build configuration list for PBXNativeTarget "StoxUITests" */ = {
			isa = XCConfigurationList;
			buildConfigurations = (
				24D685DE2092E34500A6DB35 /* Debug */,
				24D685DF2092E34500A6DB35 /* Release */,
			);
			defaultConfigurationIsVisible = 0;
			defaultConfigurationName = Release;
		};
/* End XCConfigurationList section */

/* Begin XCVersionGroup section */
		24180D2C20963C0300116188 /* Stox.xcdatamodeld */ = {
			isa = XCVersionGroup;
			children = (
				24180D2D20963C0300116188 /* Stox.xcdatamodel */,
			);
			currentVersion = 24180D2D20963C0300116188 /* Stox.xcdatamodel */;
			name = Stox.xcdatamodeld;
			path = ../Model/Stox.xcdatamodeld;
			sourceTree = "<group>";
			versionGroupType = wrapper.xcdatamodel;
		};
/* End XCVersionGroup section */
	};
	rootObject = 24D685A42092E33C00A6DB35 /* Project object */;
}
